// !$*UTF8*$!
{
	archiveVersion = 1;
	classes = {
	};
	objectVersion = 46;
	objects = {

/* Begin PBXBuildFile section */
		340776821DE128720091F931 /* books.swift in Sources */ = {isa = PBXBuildFile; fileRef = 340776811DE128720091F931 /* books.swift */; };
		340776831DE128720091F931 /* books.swift in Sources */ = {isa = PBXBuildFile; fileRef = 340776811DE128720091F931 /* books.swift */; };
		340776841DE128720091F931 /* books.swift in Sources */ = {isa = PBXBuildFile; fileRef = 340776811DE128720091F931 /* books.swift */; };
		340776931DE131060091F931 /* authors.swift in Sources */ = {isa = PBXBuildFile; fileRef = 340776921DE131060091F931 /* authors.swift */; };
		340776941DE131060091F931 /* authors.swift in Sources */ = {isa = PBXBuildFile; fileRef = 340776921DE131060091F931 /* authors.swift */; };
		340776951DE131060091F931 /* authors.swift in Sources */ = {isa = PBXBuildFile; fileRef = 340776921DE131060091F931 /* authors.swift */; };
		340776971DE13E7D0091F931 /* shelves.swift in Sources */ = {isa = PBXBuildFile; fileRef = 340776961DE13E7D0091F931 /* shelves.swift */; };
		340776981DE13E7D0091F931 /* shelves.swift in Sources */ = {isa = PBXBuildFile; fileRef = 340776961DE13E7D0091F931 /* shelves.swift */; };
		340776991DE13E7D0091F931 /* shelves.swift in Sources */ = {isa = PBXBuildFile; fileRef = 340776961DE13E7D0091F931 /* shelves.swift */; };
		3407769B1DE14F8C0091F931 /* iPadViewController.swift in Sources */ = {isa = PBXBuildFile; fileRef = 3407769A1DE14F8C0091F931 /* iPadViewController.swift */; };
		3407769C1DE14F8C0091F931 /* iPadViewController.swift in Sources */ = {isa = PBXBuildFile; fileRef = 3407769A1DE14F8C0091F931 /* iPadViewController.swift */; };
		3407769D1DE14F8C0091F931 /* iPadViewController.swift in Sources */ = {isa = PBXBuildFile; fileRef = 3407769A1DE14F8C0091F931 /* iPadViewController.swift */; };
		3407769F1DE14F9D0091F931 /* iPhoneViewController.swift in Sources */ = {isa = PBXBuildFile; fileRef = 3407769E1DE14F9D0091F931 /* iPhoneViewController.swift */; };
		340776A01DE14F9D0091F931 /* iPhoneViewController.swift in Sources */ = {isa = PBXBuildFile; fileRef = 3407769E1DE14F9D0091F931 /* iPhoneViewController.swift */; };
		340776A11DE14F9D0091F931 /* iPhoneViewController.swift in Sources */ = {isa = PBXBuildFile; fileRef = 3407769E1DE14F9D0091F931 /* iPhoneViewController.swift */; };
		340776A31DE1659B0091F931 /* globalItems.swift in Sources */ = {isa = PBXBuildFile; fileRef = 340776A21DE1659B0091F931 /* globalItems.swift */; };
		340776A41DE1659B0091F931 /* globalItems.swift in Sources */ = {isa = PBXBuildFile; fileRef = 340776A21DE1659B0091F931 /* globalItems.swift */; };
		340776A51DE1659B0091F931 /* globalItems.swift in Sources */ = {isa = PBXBuildFile; fileRef = 340776A21DE1659B0091F931 /* globalItems.swift */; };
		3478878F1DDD4AEE00688E33 /* AppDelegate.swift in Sources */ = {isa = PBXBuildFile; fileRef = 3478878E1DDD4AEE00688E33 /* AppDelegate.swift */; };
		347887911DDD4AEE00688E33 /* ViewController.swift in Sources */ = {isa = PBXBuildFile; fileRef = 347887901DDD4AEE00688E33 /* ViewController.swift */; };
		347887941DDD4AEE00688E33 /* Main.storyboard in Resources */ = {isa = PBXBuildFile; fileRef = 347887921DDD4AEE00688E33 /* Main.storyboard */; };
		347887971DDD4AEE00688E33 /* BookList.xcdatamodeld in Sources */ = {isa = PBXBuildFile; fileRef = 347887951DDD4AEE00688E33 /* BookList.xcdatamodeld */; };
		347887991DDD4AEE00688E33 /* Assets.xcassets in Resources */ = {isa = PBXBuildFile; fileRef = 347887981DDD4AEE00688E33 /* Assets.xcassets */; };
		3478879C1DDD4AEE00688E33 /* LaunchScreen.storyboard in Resources */ = {isa = PBXBuildFile; fileRef = 3478879A1DDD4AEE00688E33 /* LaunchScreen.storyboard */; };
		347887A71DDD4AEE00688E33 /* BookListTests.swift in Sources */ = {isa = PBXBuildFile; fileRef = 347887A61DDD4AEE00688E33 /* BookListTests.swift */; };
		347887B21DDD4AEE00688E33 /* BookListUITests.swift in Sources */ = {isa = PBXBuildFile; fileRef = 347887B11DDD4AEE00688E33 /* BookListUITests.swift */; };
		347887C21DDD4C4E00688E33 /* GoodReadsData.swift in Sources */ = {isa = PBXBuildFile; fileRef = 347887C11DDD4C4E00688E33 /* GoodReadsData.swift */; };
		347887C31DDD4C4E00688E33 /* GoodReadsData.swift in Sources */ = {isa = PBXBuildFile; fileRef = 347887C11DDD4C4E00688E33 /* GoodReadsData.swift */; };
		347887C41DDD4C4E00688E33 /* GoodReadsData.swift in Sources */ = {isa = PBXBuildFile; fileRef = 347887C11DDD4C4E00688E33 /* GoodReadsData.swift */; };
		347887FE1DDD61E600688E33 /* OAuthSwift.framework in Frameworks */ = {isa = PBXBuildFile; fileRef = 347887D01DDD4EF700688E33 /* OAuthSwift.framework */; };
		347887FF1DDD61E600688E33 /* OAuthSwift.framework in Embed Frameworks */ = {isa = PBXBuildFile; fileRef = 347887D01DDD4EF700688E33 /* OAuthSwift.framework */; settings = {ATTRIBUTES = (CodeSignOnCopy, RemoveHeadersOnCopy, ); }; };
		347888031DDD61F300688E33 /* SWXMLHash.framework in Frameworks */ = {isa = PBXBuildFile; fileRef = 347887EA1DDD5A5000688E33 /* SWXMLHash.framework */; };
		347888041DDD61F300688E33 /* SWXMLHash.framework in Embed Frameworks */ = {isa = PBXBuildFile; fileRef = 347887EA1DDD5A5000688E33 /* SWXMLHash.framework */; settings = {ATTRIBUTES = (CodeSignOnCopy, RemoveHeadersOnCopy, ); }; };
		347D7AC31DE2782300856A6C /* BookList.xcdatamodeld in Sources */ = {isa = PBXBuildFile; fileRef = 347887951DDD4AEE00688E33 /* BookList.xcdatamodeld */; };
		347D7AC41DE2782300856A6C /* BookList.xcdatamodeld in Sources */ = {isa = PBXBuildFile; fileRef = 347887951DDD4AEE00688E33 /* BookList.xcdatamodeld */; };
		347D7ACF1DE2784100856A6C /* Shelves+CoreDataClass.swift in Sources */ = {isa = PBXBuildFile; fileRef = 347D7AC51DE2784100856A6C /* Shelves+CoreDataClass.swift */; };
		347D7AD01DE2784100856A6C /* Shelves+CoreDataClass.swift in Sources */ = {isa = PBXBuildFile; fileRef = 347D7AC51DE2784100856A6C /* Shelves+CoreDataClass.swift */; };
		347D7AD11DE2784100856A6C /* Shelves+CoreDataClass.swift in Sources */ = {isa = PBXBuildFile; fileRef = 347D7AC51DE2784100856A6C /* Shelves+CoreDataClass.swift */; };
		347D7AD21DE2784100856A6C /* Shelves+CoreDataProperties.swift in Sources */ = {isa = PBXBuildFile; fileRef = 347D7AC61DE2784100856A6C /* Shelves+CoreDataProperties.swift */; };
		347D7AD31DE2784100856A6C /* Shelves+CoreDataProperties.swift in Sources */ = {isa = PBXBuildFile; fileRef = 347D7AC61DE2784100856A6C /* Shelves+CoreDataProperties.swift */; };
		347D7AD41DE2784100856A6C /* Shelves+CoreDataProperties.swift in Sources */ = {isa = PBXBuildFile; fileRef = 347D7AC61DE2784100856A6C /* Shelves+CoreDataProperties.swift */; };
		347D7AD51DE2784100856A6C /* Authors+CoreDataClass.swift in Sources */ = {isa = PBXBuildFile; fileRef = 347D7AC71DE2784100856A6C /* Authors+CoreDataClass.swift */; };
		347D7AD61DE2784100856A6C /* Authors+CoreDataClass.swift in Sources */ = {isa = PBXBuildFile; fileRef = 347D7AC71DE2784100856A6C /* Authors+CoreDataClass.swift */; };
		347D7AD71DE2784100856A6C /* Authors+CoreDataClass.swift in Sources */ = {isa = PBXBuildFile; fileRef = 347D7AC71DE2784100856A6C /* Authors+CoreDataClass.swift */; };
		347D7AD81DE2784100856A6C /* Authors+CoreDataProperties.swift in Sources */ = {isa = PBXBuildFile; fileRef = 347D7AC81DE2784100856A6C /* Authors+CoreDataProperties.swift */; };
		347D7AD91DE2784100856A6C /* Authors+CoreDataProperties.swift in Sources */ = {isa = PBXBuildFile; fileRef = 347D7AC81DE2784100856A6C /* Authors+CoreDataProperties.swift */; };
		347D7ADA1DE2784100856A6C /* Authors+CoreDataProperties.swift in Sources */ = {isa = PBXBuildFile; fileRef = 347D7AC81DE2784100856A6C /* Authors+CoreDataProperties.swift */; };
		347D7ADB1DE2784100856A6C /* Books+CoreDataClass.swift in Sources */ = {isa = PBXBuildFile; fileRef = 347D7AC91DE2784100856A6C /* Books+CoreDataClass.swift */; };
		347D7ADC1DE2784100856A6C /* Books+CoreDataClass.swift in Sources */ = {isa = PBXBuildFile; fileRef = 347D7AC91DE2784100856A6C /* Books+CoreDataClass.swift */; };
		347D7ADD1DE2784100856A6C /* Books+CoreDataClass.swift in Sources */ = {isa = PBXBuildFile; fileRef = 347D7AC91DE2784100856A6C /* Books+CoreDataClass.swift */; };
		347D7ADE1DE2784100856A6C /* Books+CoreDataProperties.swift in Sources */ = {isa = PBXBuildFile; fileRef = 347D7ACA1DE2784100856A6C /* Books+CoreDataProperties.swift */; };
		347D7ADF1DE2784100856A6C /* Books+CoreDataProperties.swift in Sources */ = {isa = PBXBuildFile; fileRef = 347D7ACA1DE2784100856A6C /* Books+CoreDataProperties.swift */; };
		347D7AE01DE2784100856A6C /* Books+CoreDataProperties.swift in Sources */ = {isa = PBXBuildFile; fileRef = 347D7ACA1DE2784100856A6C /* Books+CoreDataProperties.swift */; };
		347D7AE11DE2784100856A6C /* BookShelves+CoreDataClass.swift in Sources */ = {isa = PBXBuildFile; fileRef = 347D7ACB1DE2784100856A6C /* BookShelves+CoreDataClass.swift */; };
		347D7AE21DE2784100856A6C /* BookShelves+CoreDataClass.swift in Sources */ = {isa = PBXBuildFile; fileRef = 347D7ACB1DE2784100856A6C /* BookShelves+CoreDataClass.swift */; };
		347D7AE31DE2784100856A6C /* BookShelves+CoreDataClass.swift in Sources */ = {isa = PBXBuildFile; fileRef = 347D7ACB1DE2784100856A6C /* BookShelves+CoreDataClass.swift */; };
		347D7AE41DE2784100856A6C /* BookShelves+CoreDataProperties.swift in Sources */ = {isa = PBXBuildFile; fileRef = 347D7ACC1DE2784100856A6C /* BookShelves+CoreDataProperties.swift */; };
		347D7AE51DE2784100856A6C /* BookShelves+CoreDataProperties.swift in Sources */ = {isa = PBXBuildFile; fileRef = 347D7ACC1DE2784100856A6C /* BookShelves+CoreDataProperties.swift */; };
		347D7AE61DE2784100856A6C /* BookShelves+CoreDataProperties.swift in Sources */ = {isa = PBXBuildFile; fileRef = 347D7ACC1DE2784100856A6C /* BookShelves+CoreDataProperties.swift */; };
		347D7AE71DE2784100856A6C /* BookAuthors+CoreDataClass.swift in Sources */ = {isa = PBXBuildFile; fileRef = 347D7ACD1DE2784100856A6C /* BookAuthors+CoreDataClass.swift */; };
		347D7AE81DE2784100856A6C /* BookAuthors+CoreDataClass.swift in Sources */ = {isa = PBXBuildFile; fileRef = 347D7ACD1DE2784100856A6C /* BookAuthors+CoreDataClass.swift */; };
		347D7AE91DE2784100856A6C /* BookAuthors+CoreDataClass.swift in Sources */ = {isa = PBXBuildFile; fileRef = 347D7ACD1DE2784100856A6C /* BookAuthors+CoreDataClass.swift */; };
		347D7AEA1DE2784100856A6C /* BookAuthors+CoreDataProperties.swift in Sources */ = {isa = PBXBuildFile; fileRef = 347D7ACE1DE2784100856A6C /* BookAuthors+CoreDataProperties.swift */; };
		347D7AEB1DE2784100856A6C /* BookAuthors+CoreDataProperties.swift in Sources */ = {isa = PBXBuildFile; fileRef = 347D7ACE1DE2784100856A6C /* BookAuthors+CoreDataProperties.swift */; };
		347D7AEC1DE2784100856A6C /* BookAuthors+CoreDataProperties.swift in Sources */ = {isa = PBXBuildFile; fileRef = 347D7ACE1DE2784100856A6C /* BookAuthors+CoreDataProperties.swift */; };
		349176941DDE987D00FD28B9 /* notificationDeclarations.swift in Sources */ = {isa = PBXBuildFile; fileRef = 349176931DDE987D00FD28B9 /* notificationDeclarations.swift */; };
		349176951DDE987D00FD28B9 /* notificationDeclarations.swift in Sources */ = {isa = PBXBuildFile; fileRef = 349176931DDE987D00FD28B9 /* notificationDeclarations.swift */; };
		349176961DDE987D00FD28B9 /* notificationDeclarations.swift in Sources */ = {isa = PBXBuildFile; fileRef = 349176931DDE987D00FD28B9 /* notificationDeclarations.swift */; };
/* End PBXBuildFile section */

/* Begin PBXContainerItemProxy section */
		347887A31DDD4AEE00688E33 /* PBXContainerItemProxy */ = {
			isa = PBXContainerItemProxy;
			containerPortal = 347887831DDD4AEE00688E33 /* Project object */;
			proxyType = 1;
			remoteGlobalIDString = 3478878A1DDD4AEE00688E33;
			remoteInfo = BookList;
		};
		347887AE1DDD4AEE00688E33 /* PBXContainerItemProxy */ = {
			isa = PBXContainerItemProxy;
			containerPortal = 347887831DDD4AEE00688E33 /* Project object */;
			proxyType = 1;
			remoteGlobalIDString = 3478878A1DDD4AEE00688E33;
			remoteInfo = BookList;
		};
		347887CF1DDD4EF700688E33 /* PBXContainerItemProxy */ = {
			isa = PBXContainerItemProxy;
			containerPortal = 347887C51DDD4EF700688E33 /* OAuthSwift.xcodeproj */;
			proxyType = 2;
			remoteGlobalIDString = F435027A1A6791B200038A29;
			remoteInfo = OAuthSwift;
		};
		347887D11DDD4EF700688E33 /* PBXContainerItemProxy */ = {
			isa = PBXContainerItemProxy;
			containerPortal = 347887C51DDD4EF700688E33 /* OAuthSwift.xcodeproj */;
			proxyType = 2;
			remoteGlobalIDString = C48B28021AFA598D00C7DEF6;
			remoteInfo = OAuthSwiftOSX;
		};
		347887D31DDD4EF700688E33 /* PBXContainerItemProxy */ = {
			isa = PBXContainerItemProxy;
			containerPortal = 347887C51DDD4EF700688E33 /* OAuthSwift.xcodeproj */;
			proxyType = 2;
			remoteGlobalIDString = C4B6EE1E1BF74CE300443596;
			remoteInfo = OAuthSwiftTVOS;
		};
		347887D51DDD4EF700688E33 /* PBXContainerItemProxy */ = {
			isa = PBXContainerItemProxy;
			containerPortal = 347887C51DDD4EF700688E33 /* OAuthSwift.xcodeproj */;
			proxyType = 2;
			remoteGlobalIDString = C40890C01C11B37000E3146A;
			remoteInfo = OAuthSwiftWatchOS;
		};
		347887D71DDD4EF700688E33 /* PBXContainerItemProxy */ = {
			isa = PBXContainerItemProxy;
			containerPortal = 347887C51DDD4EF700688E33 /* OAuthSwift.xcodeproj */;
			proxyType = 2;
			remoteGlobalIDString = F451E3C5195B8CD80051434C;
			remoteInfo = OAuthSwiftDemo;
		};
		347887D91DDD4EF700688E33 /* PBXContainerItemProxy */ = {
			isa = PBXContainerItemProxy;
			containerPortal = 347887C51DDD4EF700688E33 /* OAuthSwift.xcodeproj */;
			proxyType = 2;
			remoteGlobalIDString = C49FD5241AFB5DF500791E1A;
			remoteInfo = OAuthSwiftOSXDemo;
		};
		347887DB1DDD4EF700688E33 /* PBXContainerItemProxy */ = {
			isa = PBXContainerItemProxy;
			containerPortal = 347887C51DDD4EF700688E33 /* OAuthSwift.xcodeproj */;
			proxyType = 2;
			remoteGlobalIDString = C4D50DF71BFB693F0053B624;
			remoteInfo = OAuthSwiftTests;
		};
		347887E91DDD5A5000688E33 /* PBXContainerItemProxy */ = {
			isa = PBXContainerItemProxy;
			containerPortal = 347887DF1DDD5A5000688E33 /* SWXMLHash.xcodeproj */;
			proxyType = 2;
			remoteGlobalIDString = CD6083EF196CA106000B4F8D;
			remoteInfo = "SWXMLHash iOS";
		};
		347887EB1DDD5A5000688E33 /* PBXContainerItemProxy */ = {
			isa = PBXContainerItemProxy;
			containerPortal = 347887DF1DDD5A5000688E33 /* SWXMLHash.xcodeproj */;
			proxyType = 2;
			remoteGlobalIDString = CD6083FA196CA106000B4F8D;
			remoteInfo = "SWXMLHash iOS Tests";
		};
		347887ED1DDD5A5000688E33 /* PBXContainerItemProxy */ = {
			isa = PBXContainerItemProxy;
			containerPortal = 347887DF1DDD5A5000688E33 /* SWXMLHash.xcodeproj */;
			proxyType = 2;
			remoteGlobalIDString = CD9D052C1A757D8B003CCB21;
			remoteInfo = "SWXMLHash OSX";
		};
		347887EF1DDD5A5000688E33 /* PBXContainerItemProxy */ = {
			isa = PBXContainerItemProxy;
			containerPortal = 347887DF1DDD5A5000688E33 /* SWXMLHash.xcodeproj */;
			proxyType = 2;
			remoteGlobalIDString = CD9D05361A757D8B003CCB21;
			remoteInfo = "SWXMLHash OSX Tests";
		};
		347887F11DDD5A5000688E33 /* PBXContainerItemProxy */ = {
			isa = PBXContainerItemProxy;
			containerPortal = 347887DF1DDD5A5000688E33 /* SWXMLHash.xcodeproj */;
			proxyType = 2;
			remoteGlobalIDString = CDDEC74C1BF6311A00AB138B;
			remoteInfo = "SWXMLHash tvOS";
		};
		347887F31DDD5A5000688E33 /* PBXContainerItemProxy */ = {
			isa = PBXContainerItemProxy;
			containerPortal = 347887DF1DDD5A5000688E33 /* SWXMLHash.xcodeproj */;
			proxyType = 2;
			remoteGlobalIDString = CDDEC7551BF6311B00AB138B;
			remoteInfo = "SWXMLHash tvOS Tests";
		};
		347887F51DDD5A5000688E33 /* PBXContainerItemProxy */ = {
			isa = PBXContainerItemProxy;
			containerPortal = 347887DF1DDD5A5000688E33 /* SWXMLHash.xcodeproj */;
			proxyType = 2;
			remoteGlobalIDString = CDDEC7681BF6316C00AB138B;
			remoteInfo = "SWXMLHash watchOS";
		};
		347887F71DDD5A5B00688E33 /* PBXContainerItemProxy */ = {
			isa = PBXContainerItemProxy;
			containerPortal = 347887DF1DDD5A5000688E33 /* SWXMLHash.xcodeproj */;
			proxyType = 1;
			remoteGlobalIDString = CD6083EE196CA106000B4F8D;
			remoteInfo = "SWXMLHash iOS";
		};
		347887FB1DDD605C00688E33 /* PBXContainerItemProxy */ = {
			isa = PBXContainerItemProxy;
			containerPortal = 347887C51DDD4EF700688E33 /* OAuthSwift.xcodeproj */;
			proxyType = 1;
			remoteGlobalIDString = F43502791A6791B200038A29;
			remoteInfo = OAuthSwift;
		};
		347888001DDD61E700688E33 /* PBXContainerItemProxy */ = {
			isa = PBXContainerItemProxy;
			containerPortal = 347887C51DDD4EF700688E33 /* OAuthSwift.xcodeproj */;
			proxyType = 1;
			remoteGlobalIDString = F43502791A6791B200038A29;
			remoteInfo = OAuthSwift;
		};
		347888051DDD61F300688E33 /* PBXContainerItemProxy */ = {
			isa = PBXContainerItemProxy;
			containerPortal = 347887DF1DDD5A5000688E33 /* SWXMLHash.xcodeproj */;
			proxyType = 1;
			remoteGlobalIDString = CD6083EE196CA106000B4F8D;
			remoteInfo = "SWXMLHash iOS";
		};
/* End PBXContainerItemProxy section */

/* Begin PBXCopyFilesBuildPhase section */
		347888021DDD61E700688E33 /* Embed Frameworks */ = {
			isa = PBXCopyFilesBuildPhase;
			buildActionMask = 2147483647;
			dstPath = "";
			dstSubfolderSpec = 10;
			files = (
				347888041DDD61F300688E33 /* SWXMLHash.framework in Embed Frameworks */,
				347887FF1DDD61E600688E33 /* OAuthSwift.framework in Embed Frameworks */,
			);
			name = "Embed Frameworks";
			runOnlyForDeploymentPostprocessing = 0;
		};
/* End PBXCopyFilesBuildPhase section */

/* Begin PBXFileReference section */
		340776811DE128720091F931 /* books.swift */ = {isa = PBXFileReference; fileEncoding = 4; lastKnownFileType = sourcecode.swift; path = books.swift; sourceTree = "<group>"; };
		340776921DE131060091F931 /* authors.swift */ = {isa = PBXFileReference; fileEncoding = 4; lastKnownFileType = sourcecode.swift; path = authors.swift; sourceTree = "<group>"; };
		340776961DE13E7D0091F931 /* shelves.swift */ = {isa = PBXFileReference; fileEncoding = 4; lastKnownFileType = sourcecode.swift; path = shelves.swift; sourceTree = "<group>"; };
		3407769A1DE14F8C0091F931 /* iPadViewController.swift */ = {isa = PBXFileReference; fileEncoding = 4; lastKnownFileType = sourcecode.swift; path = iPadViewController.swift; sourceTree = "<group>"; };
		3407769E1DE14F9D0091F931 /* iPhoneViewController.swift */ = {isa = PBXFileReference; fileEncoding = 4; lastKnownFileType = sourcecode.swift; path = iPhoneViewController.swift; sourceTree = "<group>"; };
		340776A21DE1659B0091F931 /* globalItems.swift */ = {isa = PBXFileReference; fileEncoding = 4; lastKnownFileType = sourcecode.swift; path = globalItems.swift; sourceTree = "<group>"; };
		3478878B1DDD4AEE00688E33 /* BookList.app */ = {isa = PBXFileReference; explicitFileType = wrapper.application; includeInIndex = 0; path = BookList.app; sourceTree = BUILT_PRODUCTS_DIR; };
		3478878E1DDD4AEE00688E33 /* AppDelegate.swift */ = {isa = PBXFileReference; lastKnownFileType = sourcecode.swift; path = AppDelegate.swift; sourceTree = "<group>"; };
		347887901DDD4AEE00688E33 /* ViewController.swift */ = {isa = PBXFileReference; lastKnownFileType = sourcecode.swift; path = ViewController.swift; sourceTree = "<group>"; };
		347887931DDD4AEE00688E33 /* Base */ = {isa = PBXFileReference; lastKnownFileType = file.storyboard; name = Base; path = Base.lproj/Main.storyboard; sourceTree = "<group>"; };
		347887961DDD4AEE00688E33 /* BookList.xcdatamodel */ = {isa = PBXFileReference; lastKnownFileType = wrapper.xcdatamodel; path = BookList.xcdatamodel; sourceTree = "<group>"; };
		347887981DDD4AEE00688E33 /* Assets.xcassets */ = {isa = PBXFileReference; lastKnownFileType = folder.assetcatalog; path = Assets.xcassets; sourceTree = "<group>"; };
		3478879B1DDD4AEE00688E33 /* Base */ = {isa = PBXFileReference; lastKnownFileType = file.storyboard; name = Base; path = Base.lproj/LaunchScreen.storyboard; sourceTree = "<group>"; };
		3478879D1DDD4AEE00688E33 /* Info.plist */ = {isa = PBXFileReference; lastKnownFileType = text.plist.xml; path = Info.plist; sourceTree = "<group>"; };
		347887A21DDD4AEE00688E33 /* BookListTests.xctest */ = {isa = PBXFileReference; explicitFileType = wrapper.cfbundle; includeInIndex = 0; path = BookListTests.xctest; sourceTree = BUILT_PRODUCTS_DIR; };
		347887A61DDD4AEE00688E33 /* BookListTests.swift */ = {isa = PBXFileReference; lastKnownFileType = sourcecode.swift; path = BookListTests.swift; sourceTree = "<group>"; };
		347887A81DDD4AEE00688E33 /* Info.plist */ = {isa = PBXFileReference; lastKnownFileType = text.plist.xml; path = Info.plist; sourceTree = "<group>"; };
		347887AD1DDD4AEE00688E33 /* BookListUITests.xctest */ = {isa = PBXFileReference; explicitFileType = wrapper.cfbundle; includeInIndex = 0; path = BookListUITests.xctest; sourceTree = BUILT_PRODUCTS_DIR; };
		347887B11DDD4AEE00688E33 /* BookListUITests.swift */ = {isa = PBXFileReference; lastKnownFileType = sourcecode.swift; path = BookListUITests.swift; sourceTree = "<group>"; };
		347887B31DDD4AEE00688E33 /* Info.plist */ = {isa = PBXFileReference; lastKnownFileType = text.plist.xml; path = Info.plist; sourceTree = "<group>"; };
		347887C11DDD4C4E00688E33 /* GoodReadsData.swift */ = {isa = PBXFileReference; fileEncoding = 4; lastKnownFileType = sourcecode.swift; path = GoodReadsData.swift; sourceTree = "<group>"; };
		347887C51DDD4EF700688E33 /* OAuthSwift.xcodeproj */ = {isa = PBXFileReference; lastKnownFileType = "wrapper.pb-project"; name = OAuthSwift.xcodeproj; path = ../../OAuthSwift/OAuthSwift/OAuthSwift.xcodeproj; sourceTree = "<group>"; };
		347887DF1DDD5A5000688E33 /* SWXMLHash.xcodeproj */ = {isa = PBXFileReference; lastKnownFileType = "wrapper.pb-project"; name = SWXMLHash.xcodeproj; path = ../../SWXMLHash/SWXMLHash/SWXMLHash.xcodeproj; sourceTree = "<group>"; };
		347D7AC51DE2784100856A6C /* Shelves+CoreDataClass.swift */ = {isa = PBXFileReference; fileEncoding = 4; lastKnownFileType = sourcecode.swift; name = "Shelves+CoreDataClass.swift"; path = "BookList/Shelves+CoreDataClass.swift"; sourceTree = "<group>"; };
		347D7AC61DE2784100856A6C /* Shelves+CoreDataProperties.swift */ = {isa = PBXFileReference; fileEncoding = 4; lastKnownFileType = sourcecode.swift; name = "Shelves+CoreDataProperties.swift"; path = "BookList/Shelves+CoreDataProperties.swift"; sourceTree = "<group>"; };
		347D7AC71DE2784100856A6C /* Authors+CoreDataClass.swift */ = {isa = PBXFileReference; fileEncoding = 4; lastKnownFileType = sourcecode.swift; name = "Authors+CoreDataClass.swift"; path = "BookList/Authors+CoreDataClass.swift"; sourceTree = "<group>"; };
		347D7AC81DE2784100856A6C /* Authors+CoreDataProperties.swift */ = {isa = PBXFileReference; fileEncoding = 4; lastKnownFileType = sourcecode.swift; name = "Authors+CoreDataProperties.swift"; path = "BookList/Authors+CoreDataProperties.swift"; sourceTree = "<group>"; };
		347D7AC91DE2784100856A6C /* Books+CoreDataClass.swift */ = {isa = PBXFileReference; fileEncoding = 4; lastKnownFileType = sourcecode.swift; name = "Books+CoreDataClass.swift"; path = "BookList/Books+CoreDataClass.swift"; sourceTree = "<group>"; };
		347D7ACA1DE2784100856A6C /* Books+CoreDataProperties.swift */ = {isa = PBXFileReference; fileEncoding = 4; lastKnownFileType = sourcecode.swift; name = "Books+CoreDataProperties.swift"; path = "BookList/Books+CoreDataProperties.swift"; sourceTree = "<group>"; };
		347D7ACB1DE2784100856A6C /* BookShelves+CoreDataClass.swift */ = {isa = PBXFileReference; fileEncoding = 4; lastKnownFileType = sourcecode.swift; name = "BookShelves+CoreDataClass.swift"; path = "BookList/BookShelves+CoreDataClass.swift"; sourceTree = "<group>"; };
		347D7ACC1DE2784100856A6C /* BookShelves+CoreDataProperties.swift */ = {isa = PBXFileReference; fileEncoding = 4; lastKnownFileType = sourcecode.swift; name = "BookShelves+CoreDataProperties.swift"; path = "BookList/BookShelves+CoreDataProperties.swift"; sourceTree = "<group>"; };
		347D7ACD1DE2784100856A6C /* BookAuthors+CoreDataClass.swift */ = {isa = PBXFileReference; fileEncoding = 4; lastKnownFileType = sourcecode.swift; name = "BookAuthors+CoreDataClass.swift"; path = "BookList/BookAuthors+CoreDataClass.swift"; sourceTree = "<group>"; };
		347D7ACE1DE2784100856A6C /* BookAuthors+CoreDataProperties.swift */ = {isa = PBXFileReference; fileEncoding = 4; lastKnownFileType = sourcecode.swift; name = "BookAuthors+CoreDataProperties.swift"; path = "BookList/BookAuthors+CoreDataProperties.swift"; sourceTree = "<group>"; };
		349176931DDE987D00FD28B9 /* notificationDeclarations.swift */ = {isa = PBXFileReference; fileEncoding = 4; lastKnownFileType = sourcecode.swift; path = notificationDeclarations.swift; sourceTree = "<group>"; };
/* End PBXFileReference section */

/* Begin PBXFrameworksBuildPhase section */
		347887881DDD4AEE00688E33 /* Frameworks */ = {
			isa = PBXFrameworksBuildPhase;
			buildActionMask = 2147483647;
			files = (
				347888031DDD61F300688E33 /* SWXMLHash.framework in Frameworks */,
				347887FE1DDD61E600688E33 /* OAuthSwift.framework in Frameworks */,
			);
			runOnlyForDeploymentPostprocessing = 0;
		};
		3478879F1DDD4AEE00688E33 /* Frameworks */ = {
			isa = PBXFrameworksBuildPhase;
			buildActionMask = 2147483647;
			files = (
			);
			runOnlyForDeploymentPostprocessing = 0;
		};
		347887AA1DDD4AEE00688E33 /* Frameworks */ = {
			isa = PBXFrameworksBuildPhase;
			buildActionMask = 2147483647;
			files = (
			);
			runOnlyForDeploymentPostprocessing = 0;
		};
/* End PBXFrameworksBuildPhase section */

/* Begin PBXGroup section */
		347887821DDD4AEE00688E33 = {
			isa = PBXGroup;
			children = (
				347D7AC51DE2784100856A6C /* Shelves+CoreDataClass.swift */,
				347D7AC61DE2784100856A6C /* Shelves+CoreDataProperties.swift */,
				347D7AC71DE2784100856A6C /* Authors+CoreDataClass.swift */,
				347D7AC81DE2784100856A6C /* Authors+CoreDataProperties.swift */,
				347D7AC91DE2784100856A6C /* Books+CoreDataClass.swift */,
				347D7ACA1DE2784100856A6C /* Books+CoreDataProperties.swift */,
				347D7ACB1DE2784100856A6C /* BookShelves+CoreDataClass.swift */,
				347D7ACC1DE2784100856A6C /* BookShelves+CoreDataProperties.swift */,
				347D7ACD1DE2784100856A6C /* BookAuthors+CoreDataClass.swift */,
				347D7ACE1DE2784100856A6C /* BookAuthors+CoreDataProperties.swift */,
				347887DF1DDD5A5000688E33 /* SWXMLHash.xcodeproj */,
				347887C51DDD4EF700688E33 /* OAuthSwift.xcodeproj */,
				3478878D1DDD4AEE00688E33 /* BookList */,
				347887A51DDD4AEE00688E33 /* BookListTests */,
				347887B01DDD4AEE00688E33 /* BookListUITests */,
				3478878C1DDD4AEE00688E33 /* Products */,
			);
			sourceTree = "<group>";
		};
		3478878C1DDD4AEE00688E33 /* Products */ = {
			isa = PBXGroup;
			children = (
				3478878B1DDD4AEE00688E33 /* BookList.app */,
				347887A21DDD4AEE00688E33 /* BookListTests.xctest */,
				347887AD1DDD4AEE00688E33 /* BookListUITests.xctest */,
			);
			name = Products;
			sourceTree = "<group>";
		};
		3478878D1DDD4AEE00688E33 /* BookList */ = {
			isa = PBXGroup;
			children = (
				3478878E1DDD4AEE00688E33 /* AppDelegate.swift */,
				347887921DDD4AEE00688E33 /* Main.storyboard */,
				347887981DDD4AEE00688E33 /* Assets.xcassets */,
				3478879A1DDD4AEE00688E33 /* LaunchScreen.storyboard */,
				348DC3B91DE26E3C002E4AF4 /* Database */,
				347887BF1DDD4C1100688E33 /* Classes */,
				347887C01DDD4C1C00688E33 /* UI */,
				3478879D1DDD4AEE00688E33 /* Info.plist */,
			);
			path = BookList;
			sourceTree = "<group>";
		};
		347887A51DDD4AEE00688E33 /* BookListTests */ = {
			isa = PBXGroup;
			children = (
				347887A61DDD4AEE00688E33 /* BookListTests.swift */,
				347887A81DDD4AEE00688E33 /* Info.plist */,
			);
			path = BookListTests;
			sourceTree = "<group>";
		};
		347887B01DDD4AEE00688E33 /* BookListUITests */ = {
			isa = PBXGroup;
			children = (
				347887B11DDD4AEE00688E33 /* BookListUITests.swift */,
				347887B31DDD4AEE00688E33 /* Info.plist */,
			);
			path = BookListUITests;
			sourceTree = "<group>";
		};
		347887BF1DDD4C1100688E33 /* Classes */ = {
			isa = PBXGroup;
			children = (
				340776921DE131060091F931 /* authors.swift */,
				340776811DE128720091F931 /* books.swift */,
				347887C11DDD4C4E00688E33 /* GoodReadsData.swift */,
				349176931DDE987D00FD28B9 /* notificationDeclarations.swift */,
				340776961DE13E7D0091F931 /* shelves.swift */,
				340776A21DE1659B0091F931 /* globalItems.swift */,
			);
			name = Classes;
			sourceTree = "<group>";
		};
		347887C01DDD4C1C00688E33 /* UI */ = {
			isa = PBXGroup;
			children = (
				347887901DDD4AEE00688E33 /* ViewController.swift */,
				3407769A1DE14F8C0091F931 /* iPadViewController.swift */,
				3407769E1DE14F9D0091F931 /* iPhoneViewController.swift */,
			);
			name = UI;
			sourceTree = "<group>";
		};
		347887C61DDD4EF700688E33 /* Products */ = {
			isa = PBXGroup;
			children = (
				347887D01DDD4EF700688E33 /* OAuthSwift.framework */,
				347887D21DDD4EF700688E33 /* OAuthSwift.framework */,
				347887D41DDD4EF700688E33 /* OAuthSwift.framework */,
				347887D61DDD4EF700688E33 /* OAuthSwift.framework */,
				347887D81DDD4EF700688E33 /* OAuthSwiftDemo.app */,
				347887DA1DDD4EF700688E33 /* OAuthSwiftOSXDemo.app */,
				347887DC1DDD4EF700688E33 /* OAuthSwiftTests.xctest */,
			);
			name = Products;
			sourceTree = "<group>";
		};
		347887E01DDD5A5000688E33 /* Products */ = {
			isa = PBXGroup;
			children = (
				347887EA1DDD5A5000688E33 /* SWXMLHash.framework */,
				347887EC1DDD5A5000688E33 /* SWXMLHash iOS Tests.xctest */,
				347887EE1DDD5A5000688E33 /* SWXMLHash.framework */,
				347887F01DDD5A5000688E33 /* SWXMLHash OSX Tests.xctest */,
				347887F21DDD5A5000688E33 /* SWXMLHash.framework */,
				347887F41DDD5A5000688E33 /* SWXMLHash tvOS Tests.xctest */,
				347887F61DDD5A5000688E33 /* SWXMLHash.framework */,
			);
			name = Products;
			sourceTree = "<group>";
		};
		348DC3B91DE26E3C002E4AF4 /* Database */ = {
			isa = PBXGroup;
			children = (
				347887951DDD4AEE00688E33 /* BookList.xcdatamodeld */,
			);
			name = Database;
			sourceTree = "<group>";
		};
/* End PBXGroup section */

/* Begin PBXNativeTarget section */
		3478878A1DDD4AEE00688E33 /* BookList */ = {
			isa = PBXNativeTarget;
			buildConfigurationList = 347887B61DDD4AEE00688E33 /* Build configuration list for PBXNativeTarget "BookList" */;
			buildPhases = (
				347887871DDD4AEE00688E33 /* Sources */,
				347887881DDD4AEE00688E33 /* Frameworks */,
				347887891DDD4AEE00688E33 /* Resources */,
				347888021DDD61E700688E33 /* Embed Frameworks */,
			);
			buildRules = (
			);
			dependencies = (
				347887F81DDD5A5B00688E33 /* PBXTargetDependency */,
				347887FC1DDD605C00688E33 /* PBXTargetDependency */,
				347888011DDD61E700688E33 /* PBXTargetDependency */,
				347888061DDD61F300688E33 /* PBXTargetDependency */,
			);
			name = BookList;
			productName = BookList;
			productReference = 3478878B1DDD4AEE00688E33 /* BookList.app */;
			productType = "com.apple.product-type.application";
		};
		347887A11DDD4AEE00688E33 /* BookListTests */ = {
			isa = PBXNativeTarget;
			buildConfigurationList = 347887B91DDD4AEE00688E33 /* Build configuration list for PBXNativeTarget "BookListTests" */;
			buildPhases = (
				3478879E1DDD4AEE00688E33 /* Sources */,
				3478879F1DDD4AEE00688E33 /* Frameworks */,
				347887A01DDD4AEE00688E33 /* Resources */,
			);
			buildRules = (
			);
			dependencies = (
				347887A41DDD4AEE00688E33 /* PBXTargetDependency */,
			);
			name = BookListTests;
			productName = BookListTests;
			productReference = 347887A21DDD4AEE00688E33 /* BookListTests.xctest */;
			productType = "com.apple.product-type.bundle.unit-test";
		};
		347887AC1DDD4AEE00688E33 /* BookListUITests */ = {
			isa = PBXNativeTarget;
			buildConfigurationList = 347887BC1DDD4AEE00688E33 /* Build configuration list for PBXNativeTarget "BookListUITests" */;
			buildPhases = (
				347887A91DDD4AEE00688E33 /* Sources */,
				347887AA1DDD4AEE00688E33 /* Frameworks */,
				347887AB1DDD4AEE00688E33 /* Resources */,
			);
			buildRules = (
			);
			dependencies = (
				347887AF1DDD4AEE00688E33 /* PBXTargetDependency */,
			);
			name = BookListUITests;
			productName = BookListUITests;
			productReference = 347887AD1DDD4AEE00688E33 /* BookListUITests.xctest */;
			productType = "com.apple.product-type.bundle.ui-testing";
		};
/* End PBXNativeTarget section */

/* Begin PBXProject section */
		347887831DDD4AEE00688E33 /* Project object */ = {
			isa = PBXProject;
			attributes = {
				LastSwiftUpdateCheck = 0820;
				LastUpgradeCheck = 0820;
				ORGANIZATIONNAME = "Garry Eves";
				TargetAttributes = {
					3478878A1DDD4AEE00688E33 = {
						CreatedOnToolsVersion = 8.2;
						DevelopmentTeam = 76YDDNPU7W;
						ProvisioningStyle = Automatic;
					};
					347887A11DDD4AEE00688E33 = {
						CreatedOnToolsVersion = 8.2;
						DevelopmentTeam = 76YDDNPU7W;
						ProvisioningStyle = Automatic;
						TestTargetID = 3478878A1DDD4AEE00688E33;
					};
					347887AC1DDD4AEE00688E33 = {
						CreatedOnToolsVersion = 8.2;
						DevelopmentTeam = 76YDDNPU7W;
						ProvisioningStyle = Automatic;
						TestTargetID = 3478878A1DDD4AEE00688E33;
					};
				};
			};
			buildConfigurationList = 347887861DDD4AEE00688E33 /* Build configuration list for PBXProject "BookList" */;
			compatibilityVersion = "Xcode 3.2";
			developmentRegion = English;
			hasScannedForEncodings = 0;
			knownRegions = (
				en,
				Base,
			);
			mainGroup = 347887821DDD4AEE00688E33;
			productRefGroup = 3478878C1DDD4AEE00688E33 /* Products */;
			projectDirPath = "";
			projectReferences = (
				{
					ProductGroup = 347887C61DDD4EF700688E33 /* Products */;
					ProjectRef = 347887C51DDD4EF700688E33 /* OAuthSwift.xcodeproj */;
				},
				{
					ProductGroup = 347887E01DDD5A5000688E33 /* Products */;
					ProjectRef = 347887DF1DDD5A5000688E33 /* SWXMLHash.xcodeproj */;
				},
			);
			projectRoot = "";
			targets = (
				3478878A1DDD4AEE00688E33 /* BookList */,
				347887A11DDD4AEE00688E33 /* BookListTests */,
				347887AC1DDD4AEE00688E33 /* BookListUITests */,
			);
		};
/* End PBXProject section */

/* Begin PBXReferenceProxy section */
		347887D01DDD4EF700688E33 /* OAuthSwift.framework */ = {
			isa = PBXReferenceProxy;
			fileType = wrapper.framework;
			path = OAuthSwift.framework;
			remoteRef = 347887CF1DDD4EF700688E33 /* PBXContainerItemProxy */;
			sourceTree = BUILT_PRODUCTS_DIR;
		};
		347887D21DDD4EF700688E33 /* OAuthSwift.framework */ = {
			isa = PBXReferenceProxy;
			fileType = wrapper.framework;
			path = OAuthSwift.framework;
			remoteRef = 347887D11DDD4EF700688E33 /* PBXContainerItemProxy */;
			sourceTree = BUILT_PRODUCTS_DIR;
		};
		347887D41DDD4EF700688E33 /* OAuthSwift.framework */ = {
			isa = PBXReferenceProxy;
			fileType = wrapper.framework;
			path = OAuthSwift.framework;
			remoteRef = 347887D31DDD4EF700688E33 /* PBXContainerItemProxy */;
			sourceTree = BUILT_PRODUCTS_DIR;
		};
		347887D61DDD4EF700688E33 /* OAuthSwift.framework */ = {
			isa = PBXReferenceProxy;
			fileType = wrapper.framework;
			path = OAuthSwift.framework;
			remoteRef = 347887D51DDD4EF700688E33 /* PBXContainerItemProxy */;
			sourceTree = BUILT_PRODUCTS_DIR;
		};
		347887D81DDD4EF700688E33 /* OAuthSwiftDemo.app */ = {
			isa = PBXReferenceProxy;
			fileType = wrapper.application;
			path = OAuthSwiftDemo.app;
			remoteRef = 347887D71DDD4EF700688E33 /* PBXContainerItemProxy */;
			sourceTree = BUILT_PRODUCTS_DIR;
		};
		347887DA1DDD4EF700688E33 /* OAuthSwiftOSXDemo.app */ = {
			isa = PBXReferenceProxy;
			fileType = wrapper.application;
			path = OAuthSwiftOSXDemo.app;
			remoteRef = 347887D91DDD4EF700688E33 /* PBXContainerItemProxy */;
			sourceTree = BUILT_PRODUCTS_DIR;
		};
		347887DC1DDD4EF700688E33 /* OAuthSwiftTests.xctest */ = {
			isa = PBXReferenceProxy;
			fileType = wrapper.cfbundle;
			path = OAuthSwiftTests.xctest;
			remoteRef = 347887DB1DDD4EF700688E33 /* PBXContainerItemProxy */;
			sourceTree = BUILT_PRODUCTS_DIR;
		};
		347887EA1DDD5A5000688E33 /* SWXMLHash.framework */ = {
			isa = PBXReferenceProxy;
			fileType = wrapper.framework;
			path = SWXMLHash.framework;
			remoteRef = 347887E91DDD5A5000688E33 /* PBXContainerItemProxy */;
			sourceTree = BUILT_PRODUCTS_DIR;
		};
		347887EC1DDD5A5000688E33 /* SWXMLHash iOS Tests.xctest */ = {
			isa = PBXReferenceProxy;
			fileType = wrapper.cfbundle;
			path = "SWXMLHash iOS Tests.xctest";
			remoteRef = 347887EB1DDD5A5000688E33 /* PBXContainerItemProxy */;
			sourceTree = BUILT_PRODUCTS_DIR;
		};
		347887EE1DDD5A5000688E33 /* SWXMLHash.framework */ = {
			isa = PBXReferenceProxy;
			fileType = wrapper.framework;
			path = SWXMLHash.framework;
			remoteRef = 347887ED1DDD5A5000688E33 /* PBXContainerItemProxy */;
			sourceTree = BUILT_PRODUCTS_DIR;
		};
		347887F01DDD5A5000688E33 /* SWXMLHash OSX Tests.xctest */ = {
			isa = PBXReferenceProxy;
			fileType = wrapper.cfbundle;
			path = "SWXMLHash OSX Tests.xctest";
			remoteRef = 347887EF1DDD5A5000688E33 /* PBXContainerItemProxy */;
			sourceTree = BUILT_PRODUCTS_DIR;
		};
		347887F21DDD5A5000688E33 /* SWXMLHash.framework */ = {
			isa = PBXReferenceProxy;
			fileType = wrapper.framework;
			path = SWXMLHash.framework;
			remoteRef = 347887F11DDD5A5000688E33 /* PBXContainerItemProxy */;
			sourceTree = BUILT_PRODUCTS_DIR;
		};
		347887F41DDD5A5000688E33 /* SWXMLHash tvOS Tests.xctest */ = {
			isa = PBXReferenceProxy;
			fileType = wrapper.cfbundle;
			path = "SWXMLHash tvOS Tests.xctest";
			remoteRef = 347887F31DDD5A5000688E33 /* PBXContainerItemProxy */;
			sourceTree = BUILT_PRODUCTS_DIR;
		};
		347887F61DDD5A5000688E33 /* SWXMLHash.framework */ = {
			isa = PBXReferenceProxy;
			fileType = wrapper.framework;
			path = SWXMLHash.framework;
			remoteRef = 347887F51DDD5A5000688E33 /* PBXContainerItemProxy */;
			sourceTree = BUILT_PRODUCTS_DIR;
		};
/* End PBXReferenceProxy section */

/* Begin PBXResourcesBuildPhase section */
		347887891DDD4AEE00688E33 /* Resources */ = {
			isa = PBXResourcesBuildPhase;
			buildActionMask = 2147483647;
			files = (
				3478879C1DDD4AEE00688E33 /* LaunchScreen.storyboard in Resources */,
				347887991DDD4AEE00688E33 /* Assets.xcassets in Resources */,
				347887941DDD4AEE00688E33 /* Main.storyboard in Resources */,
			);
			runOnlyForDeploymentPostprocessing = 0;
		};
		347887A01DDD4AEE00688E33 /* Resources */ = {
			isa = PBXResourcesBuildPhase;
			buildActionMask = 2147483647;
			files = (
			);
			runOnlyForDeploymentPostprocessing = 0;
		};
		347887AB1DDD4AEE00688E33 /* Resources */ = {
			isa = PBXResourcesBuildPhase;
			buildActionMask = 2147483647;
			files = (
			);
			runOnlyForDeploymentPostprocessing = 0;
		};
/* End PBXResourcesBuildPhase section */

/* Begin PBXSourcesBuildPhase section */
		347887871DDD4AEE00688E33 /* Sources */ = {
			isa = PBXSourcesBuildPhase;
			buildActionMask = 2147483647;
			files = (
				347D7ADE1DE2784100856A6C /* Books+CoreDataProperties.swift in Sources */,
				347D7ACF1DE2784100856A6C /* Shelves+CoreDataClass.swift in Sources */,
				347D7AE41DE2784100856A6C /* BookShelves+CoreDataProperties.swift in Sources */,
				347D7AE71DE2784100856A6C /* BookAuthors+CoreDataClass.swift in Sources */,
				347887C21DDD4C4E00688E33 /* GoodReadsData.swift in Sources */,
				347887911DDD4AEE00688E33 /* ViewController.swift in Sources */,
				340776971DE13E7D0091F931 /* shelves.swift in Sources */,
				347D7AE11DE2784100856A6C /* BookShelves+CoreDataClass.swift in Sources */,
				340776931DE131060091F931 /* authors.swift in Sources */,
				347D7AD21DE2784100856A6C /* Shelves+CoreDataProperties.swift in Sources */,
				347D7ADB1DE2784100856A6C /* Books+CoreDataClass.swift in Sources */,
				347D7AD51DE2784100856A6C /* Authors+CoreDataClass.swift in Sources */,
				347D7AD81DE2784100856A6C /* Authors+CoreDataProperties.swift in Sources */,
				349176941DDE987D00FD28B9 /* notificationDeclarations.swift in Sources */,
				347D7AEA1DE2784100856A6C /* BookAuthors+CoreDataProperties.swift in Sources */,
				3478878F1DDD4AEE00688E33 /* AppDelegate.swift in Sources */,
				340776821DE128720091F931 /* books.swift in Sources */,
				3407769F1DE14F9D0091F931 /* iPhoneViewController.swift in Sources */,
				340776A31DE1659B0091F931 /* globalItems.swift in Sources */,
				3407769B1DE14F8C0091F931 /* iPadViewController.swift in Sources */,
				347887971DDD4AEE00688E33 /* BookList.xcdatamodeld in Sources */,
			);
			runOnlyForDeploymentPostprocessing = 0;
		};
		3478879E1DDD4AEE00688E33 /* Sources */ = {
			isa = PBXSourcesBuildPhase;
			buildActionMask = 2147483647;
			files = (
				347D7AD91DE2784100856A6C /* Authors+CoreDataProperties.swift in Sources */,
				340776831DE128720091F931 /* books.swift in Sources */,
				347D7ADF1DE2784100856A6C /* Books+CoreDataProperties.swift in Sources */,
				347D7AEB1DE2784100856A6C /* BookAuthors+CoreDataProperties.swift in Sources */,
				347D7AE51DE2784100856A6C /* BookShelves+CoreDataProperties.swift in Sources */,
				349176951DDE987D00FD28B9 /* notificationDeclarations.swift in Sources */,
				340776981DE13E7D0091F931 /* shelves.swift in Sources */,
				347887C31DDD4C4E00688E33 /* GoodReadsData.swift in Sources */,
				347887A71DDD4AEE00688E33 /* BookListTests.swift in Sources */,
				3407769C1DE14F8C0091F931 /* iPadViewController.swift in Sources */,
				347D7ADC1DE2784100856A6C /* Books+CoreDataClass.swift in Sources */,
				347D7AC31DE2782300856A6C /* BookList.xcdatamodeld in Sources */,
				347D7AD61DE2784100856A6C /* Authors+CoreDataClass.swift in Sources */,
				340776941DE131060091F931 /* authors.swift in Sources */,
				347D7AE81DE2784100856A6C /* BookAuthors+CoreDataClass.swift in Sources */,
				347D7AD31DE2784100856A6C /* Shelves+CoreDataProperties.swift in Sources */,
				340776A01DE14F9D0091F931 /* iPhoneViewController.swift in Sources */,
				347D7AD01DE2784100856A6C /* Shelves+CoreDataClass.swift in Sources */,
				340776A41DE1659B0091F931 /* globalItems.swift in Sources */,
				347D7AE21DE2784100856A6C /* BookShelves+CoreDataClass.swift in Sources */,
			);
			runOnlyForDeploymentPostprocessing = 0;
		};
		347887A91DDD4AEE00688E33 /* Sources */ = {
			isa = PBXSourcesBuildPhase;
			buildActionMask = 2147483647;
			files = (
				347D7ADA1DE2784100856A6C /* Authors+CoreDataProperties.swift in Sources */,
				340776841DE128720091F931 /* books.swift in Sources */,
				347D7AE01DE2784100856A6C /* Books+CoreDataProperties.swift in Sources */,
				347D7AEC1DE2784100856A6C /* BookAuthors+CoreDataProperties.swift in Sources */,
				347D7AE61DE2784100856A6C /* BookShelves+CoreDataProperties.swift in Sources */,
				349176961DDE987D00FD28B9 /* notificationDeclarations.swift in Sources */,
				340776991DE13E7D0091F931 /* shelves.swift in Sources */,
				347887C41DDD4C4E00688E33 /* GoodReadsData.swift in Sources */,
				347887B21DDD4AEE00688E33 /* BookListUITests.swift in Sources */,
				3407769D1DE14F8C0091F931 /* iPadViewController.swift in Sources */,
				347D7ADD1DE2784100856A6C /* Books+CoreDataClass.swift in Sources */,
				347D7AC41DE2782300856A6C /* BookList.xcdatamodeld in Sources */,
				347D7AD71DE2784100856A6C /* Authors+CoreDataClass.swift in Sources */,
				340776951DE131060091F931 /* authors.swift in Sources */,
				347D7AE91DE2784100856A6C /* BookAuthors+CoreDataClass.swift in Sources */,
				347D7AD41DE2784100856A6C /* Shelves+CoreDataProperties.swift in Sources */,
				340776A11DE14F9D0091F931 /* iPhoneViewController.swift in Sources */,
				347D7AD11DE2784100856A6C /* Shelves+CoreDataClass.swift in Sources */,
				340776A51DE1659B0091F931 /* globalItems.swift in Sources */,
				347D7AE31DE2784100856A6C /* BookShelves+CoreDataClass.swift in Sources */,
			);
			runOnlyForDeploymentPostprocessing = 0;
		};
/* End PBXSourcesBuildPhase section */

/* Begin PBXTargetDependency section */
		347887A41DDD4AEE00688E33 /* PBXTargetDependency */ = {
			isa = PBXTargetDependency;
			target = 3478878A1DDD4AEE00688E33 /* BookList */;
			targetProxy = 347887A31DDD4AEE00688E33 /* PBXContainerItemProxy */;
		};
		347887AF1DDD4AEE00688E33 /* PBXTargetDependency */ = {
			isa = PBXTargetDependency;
			target = 3478878A1DDD4AEE00688E33 /* BookList */;
			targetProxy = 347887AE1DDD4AEE00688E33 /* PBXContainerItemProxy */;
		};
		347887F81DDD5A5B00688E33 /* PBXTargetDependency */ = {
			isa = PBXTargetDependency;
			name = "SWXMLHash iOS";
			targetProxy = 347887F71DDD5A5B00688E33 /* PBXContainerItemProxy */;
		};
		347887FC1DDD605C00688E33 /* PBXTargetDependency */ = {
			isa = PBXTargetDependency;
			name = OAuthSwift;
			targetProxy = 347887FB1DDD605C00688E33 /* PBXContainerItemProxy */;
		};
		347888011DDD61E700688E33 /* PBXTargetDependency */ = {
			isa = PBXTargetDependency;
			name = OAuthSwift;
			targetProxy = 347888001DDD61E700688E33 /* PBXContainerItemProxy */;
		};
		347888061DDD61F300688E33 /* PBXTargetDependency */ = {
			isa = PBXTargetDependency;
			name = "SWXMLHash iOS";
			targetProxy = 347888051DDD61F300688E33 /* PBXContainerItemProxy */;
		};
/* End PBXTargetDependency section */

/* Begin PBXVariantGroup section */
		347887921DDD4AEE00688E33 /* Main.storyboard */ = {
			isa = PBXVariantGroup;
			children = (
				347887931DDD4AEE00688E33 /* Base */,
			);
			name = Main.storyboard;
			sourceTree = "<group>";
		};
		3478879A1DDD4AEE00688E33 /* LaunchScreen.storyboard */ = {
			isa = PBXVariantGroup;
			children = (
				3478879B1DDD4AEE00688E33 /* Base */,
			);
			name = LaunchScreen.storyboard;
			sourceTree = "<group>";
		};
/* End PBXVariantGroup section */

/* Begin XCBuildConfiguration section */
		347887B41DDD4AEE00688E33 /* Debug */ = {
			isa = XCBuildConfiguration;
			buildSettings = {
				ALWAYS_SEARCH_USER_PATHS = NO;
				CLANG_ANALYZER_NONNULL = YES;
				CLANG_CXX_LANGUAGE_STANDARD = "gnu++0x";
				CLANG_CXX_LIBRARY = "libc++";
				CLANG_ENABLE_MODULES = YES;
				CLANG_ENABLE_OBJC_ARC = YES;
				CLANG_WARN_BOOL_CONVERSION = YES;
				CLANG_WARN_CONSTANT_CONVERSION = YES;
				CLANG_WARN_DIRECT_OBJC_ISA_USAGE = YES_ERROR;
				CLANG_WARN_DOCUMENTATION_COMMENTS = YES;
				CLANG_WARN_EMPTY_BODY = YES;
				CLANG_WARN_ENUM_CONVERSION = YES;
				CLANG_WARN_INFINITE_RECURSION = YES;
				CLANG_WARN_INT_CONVERSION = YES;
				CLANG_WARN_OBJC_ROOT_CLASS = YES_ERROR;
				CLANG_WARN_SUSPICIOUS_MOVE = YES;
				CLANG_WARN_UNREACHABLE_CODE = YES;
				CLANG_WARN__DUPLICATE_METHOD_MATCH = YES;
				"CODE_SIGN_IDENTITY[sdk=iphoneos*]" = "iPhone Developer";
				COPY_PHASE_STRIP = NO;
				DEBUG_INFORMATION_FORMAT = dwarf;
				ENABLE_STRICT_OBJC_MSGSEND = YES;
				ENABLE_TESTABILITY = YES;
				GCC_C_LANGUAGE_STANDARD = gnu99;
				GCC_DYNAMIC_NO_PIC = NO;
				GCC_NO_COMMON_BLOCKS = YES;
				GCC_OPTIMIZATION_LEVEL = 0;
				GCC_PREPROCESSOR_DEFINITIONS = (
					"DEBUG=1",
					"$(inherited)",
				);
				GCC_WARN_64_TO_32_BIT_CONVERSION = YES;
				GCC_WARN_ABOUT_RETURN_TYPE = YES_ERROR;
				GCC_WARN_UNDECLARED_SELECTOR = YES;
				GCC_WARN_UNINITIALIZED_AUTOS = YES_AGGRESSIVE;
				GCC_WARN_UNUSED_FUNCTION = YES;
				GCC_WARN_UNUSED_VARIABLE = YES;
				IPHONEOS_DEPLOYMENT_TARGET = 10.0;
				MTL_ENABLE_DEBUG_INFO = YES;
				ONLY_ACTIVE_ARCH = YES;
				SDKROOT = iphoneos;
				SWIFT_ACTIVE_COMPILATION_CONDITIONS = DEBUG;
				SWIFT_OPTIMIZATION_LEVEL = "-Onone";
				TARGETED_DEVICE_FAMILY = "1,2";
			};
			name = Debug;
		};
		347887B51DDD4AEE00688E33 /* Release */ = {
			isa = XCBuildConfiguration;
			buildSettings = {
				ALWAYS_SEARCH_USER_PATHS = NO;
				CLANG_ANALYZER_NONNULL = YES;
				CLANG_CXX_LANGUAGE_STANDARD = "gnu++0x";
				CLANG_CXX_LIBRARY = "libc++";
				CLANG_ENABLE_MODULES = YES;
				CLANG_ENABLE_OBJC_ARC = YES;
				CLANG_WARN_BOOL_CONVERSION = YES;
				CLANG_WARN_CONSTANT_CONVERSION = YES;
				CLANG_WARN_DIRECT_OBJC_ISA_USAGE = YES_ERROR;
				CLANG_WARN_DOCUMENTATION_COMMENTS = YES;
				CLANG_WARN_EMPTY_BODY = YES;
				CLANG_WARN_ENUM_CONVERSION = YES;
				CLANG_WARN_INFINITE_RECURSION = YES;
				CLANG_WARN_INT_CONVERSION = YES;
				CLANG_WARN_OBJC_ROOT_CLASS = YES_ERROR;
				CLANG_WARN_SUSPICIOUS_MOVE = YES;
				CLANG_WARN_UNREACHABLE_CODE = YES;
				CLANG_WARN__DUPLICATE_METHOD_MATCH = YES;
				"CODE_SIGN_IDENTITY[sdk=iphoneos*]" = "iPhone Developer";
				COPY_PHASE_STRIP = NO;
				DEBUG_INFORMATION_FORMAT = "dwarf-with-dsym";
				ENABLE_NS_ASSERTIONS = NO;
				ENABLE_STRICT_OBJC_MSGSEND = YES;
				GCC_C_LANGUAGE_STANDARD = gnu99;
				GCC_NO_COMMON_BLOCKS = YES;
				GCC_WARN_64_TO_32_BIT_CONVERSION = YES;
				GCC_WARN_ABOUT_RETURN_TYPE = YES_ERROR;
				GCC_WARN_UNDECLARED_SELECTOR = YES;
				GCC_WARN_UNINITIALIZED_AUTOS = YES_AGGRESSIVE;
				GCC_WARN_UNUSED_FUNCTION = YES;
				GCC_WARN_UNUSED_VARIABLE = YES;
				IPHONEOS_DEPLOYMENT_TARGET = 10.0;
				MTL_ENABLE_DEBUG_INFO = NO;
				SDKROOT = iphoneos;
				SWIFT_OPTIMIZATION_LEVEL = "-Owholemodule";
				TARGETED_DEVICE_FAMILY = "1,2";
				VALIDATE_PRODUCT = YES;
			};
			name = Release;
		};
		347887B71DDD4AEE00688E33 /* Debug */ = {
			isa = XCBuildConfiguration;
			buildSettings = {
				ALWAYS_EMBED_SWIFT_STANDARD_LIBRARIES = YES;
				ASSETCATALOG_COMPILER_APPICON_NAME = AppIcon;
				DEVELOPMENT_TEAM = 76YDDNPU7W;
				INFOPLIST_FILE = BookList/Info.plist;
				LD_RUNPATH_SEARCH_PATHS = "$(inherited) @executable_path/Frameworks";
				PRODUCT_BUNDLE_IDENTIFIER = com.garryeves.BookList;
				PRODUCT_NAME = "$(TARGET_NAME)";
				SWIFT_VERSION = 3.0;
			};
			name = Debug;
		};
		347887B81DDD4AEE00688E33 /* Release */ = {
			isa = XCBuildConfiguration;
			buildSettings = {
				ALWAYS_EMBED_SWIFT_STANDARD_LIBRARIES = YES;
				ASSETCATALOG_COMPILER_APPICON_NAME = AppIcon;
				DEVELOPMENT_TEAM = 76YDDNPU7W;
				INFOPLIST_FILE = BookList/Info.plist;
				LD_RUNPATH_SEARCH_PATHS = "$(inherited) @executable_path/Frameworks";
				PRODUCT_BUNDLE_IDENTIFIER = com.garryeves.BookList;
				PRODUCT_NAME = "$(TARGET_NAME)";
				SWIFT_VERSION = 3.0;
			};
			name = Release;
		};
		347887BA1DDD4AEE00688E33 /* Debug */ = {
			isa = XCBuildConfiguration;
			buildSettings = {
				ALWAYS_EMBED_SWIFT_STANDARD_LIBRARIES = YES;
				BUNDLE_LOADER = "$(TEST_HOST)";
				DEVELOPMENT_TEAM = 76YDDNPU7W;
				INFOPLIST_FILE = BookListTests/Info.plist;
				LD_RUNPATH_SEARCH_PATHS = "$(inherited) @executable_path/Frameworks @loader_path/Frameworks";
				PRODUCT_BUNDLE_IDENTIFIER = com.garryeves.BookListTests;
				PRODUCT_NAME = "$(TARGET_NAME)";
				SWIFT_VERSION = 3.0;
				TEST_HOST = "$(BUILT_PRODUCTS_DIR)/BookList.app/BookList";
			};
			name = Debug;
		};
		347887BB1DDD4AEE00688E33 /* Release */ = {
			isa = XCBuildConfiguration;
			buildSettings = {
				ALWAYS_EMBED_SWIFT_STANDARD_LIBRARIES = YES;
				BUNDLE_LOADER = "$(TEST_HOST)";
				DEVELOPMENT_TEAM = 76YDDNPU7W;
				INFOPLIST_FILE = BookListTests/Info.plist;
				LD_RUNPATH_SEARCH_PATHS = "$(inherited) @executable_path/Frameworks @loader_path/Frameworks";
				PRODUCT_BUNDLE_IDENTIFIER = com.garryeves.BookListTests;
				PRODUCT_NAME = "$(TARGET_NAME)";
				SWIFT_VERSION = 3.0;
				TEST_HOST = "$(BUILT_PRODUCTS_DIR)/BookList.app/BookList";
			};
			name = Release;
		};
		347887BD1DDD4AEE00688E33 /* Debug */ = {
			isa = XCBuildConfiguration;
			buildSettings = {
				ALWAYS_EMBED_SWIFT_STANDARD_LIBRARIES = YES;
				DEVELOPMENT_TEAM = 76YDDNPU7W;
				INFOPLIST_FILE = BookListUITests/Info.plist;
				LD_RUNPATH_SEARCH_PATHS = "$(inherited) @executable_path/Frameworks @loader_path/Frameworks";
				PRODUCT_BUNDLE_IDENTIFIER = com.garryeves.BookListUITests;
				PRODUCT_NAME = "$(TARGET_NAME)";
				SWIFT_VERSION = 3.0;
				TEST_TARGET_NAME = BookList;
			};
			name = Debug;
		};
		347887BE1DDD4AEE00688E33 /* Release */ = {
			isa = XCBuildConfiguration;
			buildSettings = {
				ALWAYS_EMBED_SWIFT_STANDARD_LIBRARIES = YES;
				DEVELOPMENT_TEAM = 76YDDNPU7W;
				INFOPLIST_FILE = BookListUITests/Info.plist;
				LD_RUNPATH_SEARCH_PATHS = "$(inherited) @executable_path/Frameworks @loader_path/Frameworks";
				PRODUCT_BUNDLE_IDENTIFIER = com.garryeves.BookListUITests;
				PRODUCT_NAME = "$(TARGET_NAME)";
				SWIFT_VERSION = 3.0;
				TEST_TARGET_NAME = BookList;
			};
			name = Release;
		};
/* End XCBuildConfiguration section */

/* Begin XCConfigurationList section */
		347887861DDD4AEE00688E33 /* Build configuration list for PBXProject "BookList" */ = {
			isa = XCConfigurationList;
			buildConfigurations = (
				347887B41DDD4AEE00688E33 /* Debug */,
				347887B51DDD4AEE00688E33 /* Release */,
			);
			defaultConfigurationIsVisible = 0;
			defaultConfigurationName = Release;
		};
		347887B61DDD4AEE00688E33 /* Build configuration list for PBXNativeTarget "BookList" */ = {
			isa = XCConfigurationList;
			buildConfigurations = (
				347887B71DDD4AEE00688E33 /* Debug */,
				347887B81DDD4AEE00688E33 /* Release */,
			);
			defaultConfigurationIsVisible = 0;
			defaultConfigurationName = Release;
		};
		347887B91DDD4AEE00688E33 /* Build configuration list for PBXNativeTarget "BookListTests" */ = {
			isa = XCConfigurationList;
			buildConfigurations = (
				347887BA1DDD4AEE00688E33 /* Debug */,
				347887BB1DDD4AEE00688E33 /* Release */,
			);
			defaultConfigurationIsVisible = 0;
			defaultConfigurationName = Release;
		};
		347887BC1DDD4AEE00688E33 /* Build configuration list for PBXNativeTarget "BookListUITests" */ = {
			isa = XCConfigurationList;
			buildConfigurations = (
				347887BD1DDD4AEE00688E33 /* Debug */,
				347887BE1DDD4AEE00688E33 /* Release */,
			);
			defaultConfigurationIsVisible = 0;
			defaultConfigurationName = Release;
		};
/* End XCConfigurationList section */

/* Begin XCVersionGroup section */
		347887951DDD4AEE00688E33 /* BookList.xcdatamodeld */ = {
			isa = XCVersionGroup;
			children = (
				347887961DDD4AEE00688E33 /* BookList.xcdatamodel */,
			);
			currentVersion = 347887961DDD4AEE00688E33 /* BookList.xcdatamodel */;
			path = BookList.xcdatamodeld;
			sourceTree = "<group>";
			versionGroupType = wrapper.xcdatamodel;
		};
/* End XCVersionGroup section */
	};
	rootObject = 347887831DDD4AEE00688E33 /* Project object */;
}
