// !$*UTF8*$!
{
	archiveVersion = 1;
	classes = {
	};
	objectVersion = 46;
	objects = {

/* Begin PBXBuildFile section */
		09984A879BF9F5DFB9635397 /* Pods_BookList.framework in Frameworks */ = {isa = PBXBuildFile; fileRef = 3DB417129B5994731FE75334 /* Pods_BookList.framework */; };
		340776821DE128720091F931 /* books.swift in Sources */ = {isa = PBXBuildFile; fileRef = 340776811DE128720091F931 /* books.swift */; };
		340776931DE131060091F931 /* authors.swift in Sources */ = {isa = PBXBuildFile; fileRef = 340776921DE131060091F931 /* authors.swift */; };
		340776971DE13E7D0091F931 /* shelves.swift in Sources */ = {isa = PBXBuildFile; fileRef = 340776961DE13E7D0091F931 /* shelves.swift */; };
		3407769B1DE14F8C0091F931 /* iPadViewController.swift in Sources */ = {isa = PBXBuildFile; fileRef = 3407769A1DE14F8C0091F931 /* iPadViewController.swift */; };
		3407769F1DE14F9D0091F931 /* iPhoneViewController.swift in Sources */ = {isa = PBXBuildFile; fileRef = 3407769E1DE14F9D0091F931 /* iPhoneViewController.swift */; };
		340776A31DE1659B0091F931 /* globalItems.swift in Sources */ = {isa = PBXBuildFile; fileRef = 340776A21DE1659B0091F931 /* globalItems.swift */; };
		340EC8A51DF123DB00AF81C5 /* StringPickerViewController.swift in Sources */ = {isa = PBXBuildFile; fileRef = 340EC8A41DF123DB00AF81C5 /* StringPickerViewController.swift */; };
		340EC8A61DF123DB00AF81C5 /* StringPickerViewController.swift in Sources */ = {isa = PBXBuildFile; fileRef = 340EC8A41DF123DB00AF81C5 /* StringPickerViewController.swift */; };
		340EC8A71DF123DB00AF81C5 /* StringPickerViewController.swift in Sources */ = {isa = PBXBuildFile; fileRef = 340EC8A41DF123DB00AF81C5 /* StringPickerViewController.swift */; };
		340F99A61DE67E1000B12BC8 /* bookDetailsViewController.swift in Sources */ = {isa = PBXBuildFile; fileRef = 340F99A51DE67E1000B12BC8 /* bookDetailsViewController.swift */; };
		340F99A71DE67E1000B12BC8 /* bookDetailsViewController.swift in Sources */ = {isa = PBXBuildFile; fileRef = 340F99A51DE67E1000B12BC8 /* bookDetailsViewController.swift */; };
		340F99A81DE67E1000B12BC8 /* bookDetailsViewController.swift in Sources */ = {isa = PBXBuildFile; fileRef = 340F99A51DE67E1000B12BC8 /* bookDetailsViewController.swift */; };
		34353A4F1DED257D006BE5D6 /* GoogleService-Info.plist in Resources */ = {isa = PBXBuildFile; fileRef = 34353A4E1DED257D006BE5D6 /* GoogleService-Info.plist */; };
		34353A531DED3205006BE5D6 /* googleBooks.swift in Sources */ = {isa = PBXBuildFile; fileRef = 34353A521DED3205006BE5D6 /* googleBooks.swift */; };
		34353A541DED3205006BE5D6 /* googleBooks.swift in Sources */ = {isa = PBXBuildFile; fileRef = 34353A521DED3205006BE5D6 /* googleBooks.swift */; };
		34353A551DED3205006BE5D6 /* googleBooks.swift in Sources */ = {isa = PBXBuildFile; fileRef = 34353A521DED3205006BE5D6 /* googleBooks.swift */; };
		344DBE1C1DEE416900D73631 /* authors.swift in Sources */ = {isa = PBXBuildFile; fileRef = 340776921DE131060091F931 /* authors.swift */; };
		344DBE1D1DEE416A00D73631 /* authors.swift in Sources */ = {isa = PBXBuildFile; fileRef = 340776921DE131060091F931 /* authors.swift */; };
		344DBE1E1DEE416C00D73631 /* books.swift in Sources */ = {isa = PBXBuildFile; fileRef = 340776811DE128720091F931 /* books.swift */; };
		344DBE1F1DEE416D00D73631 /* books.swift in Sources */ = {isa = PBXBuildFile; fileRef = 340776811DE128720091F931 /* books.swift */; };
		344DBE201DEE417000D73631 /* GoodReadsData.swift in Sources */ = {isa = PBXBuildFile; fileRef = 347887C11DDD4C4E00688E33 /* GoodReadsData.swift */; };
		344DBE211DEE417000D73631 /* GoodReadsData.swift in Sources */ = {isa = PBXBuildFile; fileRef = 347887C11DDD4C4E00688E33 /* GoodReadsData.swift */; };
		344DBE221DEE417500D73631 /* notificationDeclarations.swift in Sources */ = {isa = PBXBuildFile; fileRef = 349176931DDE987D00FD28B9 /* notificationDeclarations.swift */; };
		344DBE231DEE417600D73631 /* notificationDeclarations.swift in Sources */ = {isa = PBXBuildFile; fileRef = 349176931DDE987D00FD28B9 /* notificationDeclarations.swift */; };
		344DBE241DEE417900D73631 /* shelves.swift in Sources */ = {isa = PBXBuildFile; fileRef = 340776961DE13E7D0091F931 /* shelves.swift */; };
		344DBE251DEE417A00D73631 /* shelves.swift in Sources */ = {isa = PBXBuildFile; fileRef = 340776961DE13E7D0091F931 /* shelves.swift */; };
		344DBE261DEE417C00D73631 /* globalItems.swift in Sources */ = {isa = PBXBuildFile; fileRef = 340776A21DE1659B0091F931 /* globalItems.swift */; };
		344DBE271DEE417D00D73631 /* globalItems.swift in Sources */ = {isa = PBXBuildFile; fileRef = 340776A21DE1659B0091F931 /* globalItems.swift */; };
		344DBE281DEE41AE00D73631 /* ViewController.swift in Sources */ = {isa = PBXBuildFile; fileRef = 347887901DDD4AEE00688E33 /* ViewController.swift */; };
		344DBE291DEE41AF00D73631 /* ViewController.swift in Sources */ = {isa = PBXBuildFile; fileRef = 347887901DDD4AEE00688E33 /* ViewController.swift */; };
		344DBE2A1DEE41B200D73631 /* iPadViewController.swift in Sources */ = {isa = PBXBuildFile; fileRef = 3407769A1DE14F8C0091F931 /* iPadViewController.swift */; };
		344DBE2B1DEE41B200D73631 /* iPadViewController.swift in Sources */ = {isa = PBXBuildFile; fileRef = 3407769A1DE14F8C0091F931 /* iPadViewController.swift */; };
		344DBE2C1DEE41B500D73631 /* iPhoneViewController.swift in Sources */ = {isa = PBXBuildFile; fileRef = 3407769E1DE14F9D0091F931 /* iPhoneViewController.swift */; };
		344DBE2D1DEE41B600D73631 /* iPhoneViewController.swift in Sources */ = {isa = PBXBuildFile; fileRef = 3407769E1DE14F9D0091F931 /* iPhoneViewController.swift */; };
		344DBE401DEE462300D73631 /* GoogleService-Info.plist in Resources */ = {isa = PBXBuildFile; fileRef = 34353A4E1DED257D006BE5D6 /* GoogleService-Info.plist */; };
		344DBE411DEE462400D73631 /* GoogleService-Info.plist in Resources */ = {isa = PBXBuildFile; fileRef = 34353A4E1DED257D006BE5D6 /* GoogleService-Info.plist */; };
		344DBE421DEE462700D73631 /* AppDelegate.swift in Sources */ = {isa = PBXBuildFile; fileRef = 3478878E1DDD4AEE00688E33 /* AppDelegate.swift */; };
		344DBE431DEE462700D73631 /* AppDelegate.swift in Sources */ = {isa = PBXBuildFile; fileRef = 3478878E1DDD4AEE00688E33 /* AppDelegate.swift */; };
		344DBE441DEE462B00D73631 /* Assets.xcassets in Resources */ = {isa = PBXBuildFile; fileRef = 347887981DDD4AEE00688E33 /* Assets.xcassets */; };
		344DBE451DEE462B00D73631 /* Assets.xcassets in Resources */ = {isa = PBXBuildFile; fileRef = 347887981DDD4AEE00688E33 /* Assets.xcassets */; };
		344DBE461DEE462F00D73631 /* LaunchScreen.storyboard in Resources */ = {isa = PBXBuildFile; fileRef = 3478879A1DDD4AEE00688E33 /* LaunchScreen.storyboard */; };
		344DBE471DEE463000D73631 /* LaunchScreen.storyboard in Resources */ = {isa = PBXBuildFile; fileRef = 3478879A1DDD4AEE00688E33 /* LaunchScreen.storyboard */; };
		344DBE481DEE464100D73631 /* Main.storyboard in Resources */ = {isa = PBXBuildFile; fileRef = 347887921DDD4AEE00688E33 /* Main.storyboard */; };
		344DBE491DEE464100D73631 /* Main.storyboard in Resources */ = {isa = PBXBuildFile; fileRef = 347887921DDD4AEE00688E33 /* Main.storyboard */; };
		344DBE4B1DEE4BA600D73631 /* SwiftyJSON.framework in Frameworks */ = {isa = PBXBuildFile; fileRef = 344DBE4A1DEE4BA600D73631 /* SwiftyJSON.framework */; };
		344DBE531DEFDD6900D73631 /* booksForAuthorViewController.swift in Sources */ = {isa = PBXBuildFile; fileRef = 344DBE521DEFDD6900D73631 /* booksForAuthorViewController.swift */; };
		344DBE541DEFDD6900D73631 /* booksForAuthorViewController.swift in Sources */ = {isa = PBXBuildFile; fileRef = 344DBE521DEFDD6900D73631 /* booksForAuthorViewController.swift */; };
		344DBE551DEFDD6900D73631 /* booksForAuthorViewController.swift in Sources */ = {isa = PBXBuildFile; fileRef = 344DBE521DEFDD6900D73631 /* booksForAuthorViewController.swift */; };
		346927071DE28730009E8F96 /* BookList.xcdatamodeld in Sources */ = {isa = PBXBuildFile; fileRef = 347887951DDD4AEE00688E33 /* BookList.xcdatamodeld */; };
		346A498E1DE286470091C9A3 /* coreDatabase.swift in Sources */ = {isa = PBXBuildFile; fileRef = 346A498D1DE286470091C9A3 /* coreDatabase.swift */; };
		346A498F1DE286470091C9A3 /* coreDatabase.swift in Sources */ = {isa = PBXBuildFile; fileRef = 346A498D1DE286470091C9A3 /* coreDatabase.swift */; };
		346A49901DE286470091C9A3 /* coreDatabase.swift in Sources */ = {isa = PBXBuildFile; fileRef = 346A498D1DE286470091C9A3 /* coreDatabase.swift */; };
		3478878F1DDD4AEE00688E33 /* AppDelegate.swift in Sources */ = {isa = PBXBuildFile; fileRef = 3478878E1DDD4AEE00688E33 /* AppDelegate.swift */; };
		347887911DDD4AEE00688E33 /* ViewController.swift in Sources */ = {isa = PBXBuildFile; fileRef = 347887901DDD4AEE00688E33 /* ViewController.swift */; };
		347887941DDD4AEE00688E33 /* Main.storyboard in Resources */ = {isa = PBXBuildFile; fileRef = 347887921DDD4AEE00688E33 /* Main.storyboard */; };
		347887971DDD4AEE00688E33 /* BookList.xcdatamodeld in Sources */ = {isa = PBXBuildFile; fileRef = 347887951DDD4AEE00688E33 /* BookList.xcdatamodeld */; };
		347887991DDD4AEE00688E33 /* Assets.xcassets in Resources */ = {isa = PBXBuildFile; fileRef = 347887981DDD4AEE00688E33 /* Assets.xcassets */; };
		3478879C1DDD4AEE00688E33 /* LaunchScreen.storyboard in Resources */ = {isa = PBXBuildFile; fileRef = 3478879A1DDD4AEE00688E33 /* LaunchScreen.storyboard */; };
		347887A71DDD4AEE00688E33 /* BookListTests.swift in Sources */ = {isa = PBXBuildFile; fileRef = 347887A61DDD4AEE00688E33 /* BookListTests.swift */; };
		347887B21DDD4AEE00688E33 /* BookListUITests.swift in Sources */ = {isa = PBXBuildFile; fileRef = 347887B11DDD4AEE00688E33 /* BookListUITests.swift */; };
		347887C21DDD4C4E00688E33 /* GoodReadsData.swift in Sources */ = {isa = PBXBuildFile; fileRef = 347887C11DDD4C4E00688E33 /* GoodReadsData.swift */; };
		347D7AC31DE2782300856A6C /* BookList.xcdatamodeld in Sources */ = {isa = PBXBuildFile; fileRef = 347887951DDD4AEE00688E33 /* BookList.xcdatamodeld */; };
		349176941DDE987D00FD28B9 /* notificationDeclarations.swift in Sources */ = {isa = PBXBuildFile; fileRef = 349176931DDE987D00FD28B9 /* notificationDeclarations.swift */; };
		34D064D91DE514EA003910E6 /* bookListSectionHeader.xib in Resources */ = {isa = PBXBuildFile; fileRef = 34D064D81DE514EA003910E6 /* bookListSectionHeader.xib */; };
		34D064DA1DE514EA003910E6 /* bookListSectionHeader.xib in Resources */ = {isa = PBXBuildFile; fileRef = 34D064D81DE514EA003910E6 /* bookListSectionHeader.xib */; };
		34D064DB1DE514EA003910E6 /* bookListSectionHeader.xib in Resources */ = {isa = PBXBuildFile; fileRef = 34D064D81DE514EA003910E6 /* bookListSectionHeader.xib */; };
/* End PBXBuildFile section */

/* Begin PBXContainerItemProxy section */
		347887A31DDD4AEE00688E33 /* PBXContainerItemProxy */ = {
			isa = PBXContainerItemProxy;
			containerPortal = 347887831DDD4AEE00688E33 /* Project object */;
			proxyType = 1;
			remoteGlobalIDString = 3478878A1DDD4AEE00688E33;
			remoteInfo = BookList;
		};
		347887AE1DDD4AEE00688E33 /* PBXContainerItemProxy */ = {
			isa = PBXContainerItemProxy;
			containerPortal = 347887831DDD4AEE00688E33 /* Project object */;
			proxyType = 1;
			remoteGlobalIDString = 3478878A1DDD4AEE00688E33;
			remoteInfo = BookList;
		};
/* End PBXContainerItemProxy section */

/* Begin PBXCopyFilesBuildPhase section */
		347888021DDD61E700688E33 /* Embed Frameworks */ = {
			isa = PBXCopyFilesBuildPhase;
			buildActionMask = 2147483647;
			dstPath = "";
			dstSubfolderSpec = 10;
			files = (
			);
			name = "Embed Frameworks";
			runOnlyForDeploymentPostprocessing = 0;
		};
/* End PBXCopyFilesBuildPhase section */

/* Begin PBXFileReference section */
		340776811DE128720091F931 /* books.swift */ = {isa = PBXFileReference; fileEncoding = 4; lastKnownFileType = sourcecode.swift; path = books.swift; sourceTree = "<group>"; };
		340776921DE131060091F931 /* authors.swift */ = {isa = PBXFileReference; fileEncoding = 4; lastKnownFileType = sourcecode.swift; path = authors.swift; sourceTree = "<group>"; };
		340776961DE13E7D0091F931 /* shelves.swift */ = {isa = PBXFileReference; fileEncoding = 4; lastKnownFileType = sourcecode.swift; path = shelves.swift; sourceTree = "<group>"; };
		3407769A1DE14F8C0091F931 /* iPadViewController.swift */ = {isa = PBXFileReference; fileEncoding = 4; lastKnownFileType = sourcecode.swift; path = iPadViewController.swift; sourceTree = "<group>"; };
		3407769E1DE14F9D0091F931 /* iPhoneViewController.swift */ = {isa = PBXFileReference; fileEncoding = 4; lastKnownFileType = sourcecode.swift; path = iPhoneViewController.swift; sourceTree = "<group>"; };
		340776A21DE1659B0091F931 /* globalItems.swift */ = {isa = PBXFileReference; fileEncoding = 4; lastKnownFileType = sourcecode.swift; path = globalItems.swift; sourceTree = "<group>"; };
		340EC8A41DF123DB00AF81C5 /* StringPickerViewController.swift */ = {isa = PBXFileReference; fileEncoding = 4; lastKnownFileType = sourcecode.swift; path = StringPickerViewController.swift; sourceTree = "<group>"; };
		340F99A51DE67E1000B12BC8 /* bookDetailsViewController.swift */ = {isa = PBXFileReference; fileEncoding = 4; lastKnownFileType = sourcecode.swift; path = bookDetailsViewController.swift; sourceTree = "<group>"; };
		34353A4E1DED257D006BE5D6 /* GoogleService-Info.plist */ = {isa = PBXFileReference; fileEncoding = 4; lastKnownFileType = text.plist.xml; path = "GoogleService-Info.plist"; sourceTree = "<group>"; };
		34353A501DED2647006BE5D6 /* BookList-Bridging-Header.h */ = {isa = PBXFileReference; fileEncoding = 4; lastKnownFileType = sourcecode.c.h; path = "BookList-Bridging-Header.h"; sourceTree = "<group>"; };
		34353A521DED3205006BE5D6 /* googleBooks.swift */ = {isa = PBXFileReference; fileEncoding = 4; lastKnownFileType = sourcecode.swift; path = googleBooks.swift; sourceTree = "<group>"; };
		344DBE4A1DEE4BA600D73631 /* SwiftyJSON.framework */ = {isa = PBXFileReference; lastKnownFileType = wrapper.framework; name = SwiftyJSON.framework; path = "../../../../Library/Developer/Xcode/DerivedData/BookList-bqyhggpakbwokvcpizrtunnopirl/Build/Products/Debug-iphoneos/SwiftyJSON/SwiftyJSON.framework"; sourceTree = "<group>"; };
		344DBE4C1DEE535900D73631 /* BookList 3.xcdatamodel */ = {isa = PBXFileReference; lastKnownFileType = wrapper.xcdatamodel; path = "BookList 3.xcdatamodel"; sourceTree = "<group>"; };
		344DBE4D1DEE7D7300D73631 /* BookList 4.xcdatamodel */ = {isa = PBXFileReference; lastKnownFileType = wrapper.xcdatamodel; path = "BookList 4.xcdatamodel"; sourceTree = "<group>"; };
		344DBE521DEFDD6900D73631 /* booksForAuthorViewController.swift */ = {isa = PBXFileReference; fileEncoding = 4; lastKnownFileType = sourcecode.swift; path = booksForAuthorViewController.swift; sourceTree = "<group>"; };
		3469273D1DE2AEC6009E8F96 /* BookList 2.xcdatamodel */ = {isa = PBXFileReference; lastKnownFileType = wrapper.xcdatamodel; path = "BookList 2.xcdatamodel"; sourceTree = "<group>"; };
		346A498D1DE286470091C9A3 /* coreDatabase.swift */ = {isa = PBXFileReference; fileEncoding = 4; lastKnownFileType = sourcecode.swift; path = coreDatabase.swift; sourceTree = "<group>"; };
		3478878B1DDD4AEE00688E33 /* BookList.app */ = {isa = PBXFileReference; explicitFileType = wrapper.application; includeInIndex = 0; path = BookList.app; sourceTree = BUILT_PRODUCTS_DIR; };
		3478878E1DDD4AEE00688E33 /* AppDelegate.swift */ = {isa = PBXFileReference; lastKnownFileType = sourcecode.swift; path = AppDelegate.swift; sourceTree = "<group>"; };
		347887901DDD4AEE00688E33 /* ViewController.swift */ = {isa = PBXFileReference; lastKnownFileType = sourcecode.swift; path = ViewController.swift; sourceTree = "<group>"; };
		347887931DDD4AEE00688E33 /* Base */ = {isa = PBXFileReference; lastKnownFileType = file.storyboard; name = Base; path = Base.lproj/Main.storyboard; sourceTree = "<group>"; };
		347887961DDD4AEE00688E33 /* BookList.xcdatamodel */ = {isa = PBXFileReference; lastKnownFileType = wrapper.xcdatamodel; path = BookList.xcdatamodel; sourceTree = "<group>"; };
		347887981DDD4AEE00688E33 /* Assets.xcassets */ = {isa = PBXFileReference; lastKnownFileType = folder.assetcatalog; path = Assets.xcassets; sourceTree = "<group>"; };
		3478879B1DDD4AEE00688E33 /* Base */ = {isa = PBXFileReference; lastKnownFileType = file.storyboard; name = Base; path = Base.lproj/LaunchScreen.storyboard; sourceTree = "<group>"; };
		3478879D1DDD4AEE00688E33 /* Info.plist */ = {isa = PBXFileReference; lastKnownFileType = text.plist.xml; path = Info.plist; sourceTree = "<group>"; };
		347887A21DDD4AEE00688E33 /* BookListTests.xctest */ = {isa = PBXFileReference; explicitFileType = wrapper.cfbundle; includeInIndex = 0; path = BookListTests.xctest; sourceTree = BUILT_PRODUCTS_DIR; };
		347887A61DDD4AEE00688E33 /* BookListTests.swift */ = {isa = PBXFileReference; lastKnownFileType = sourcecode.swift; path = BookListTests.swift; sourceTree = "<group>"; };
		347887A81DDD4AEE00688E33 /* Info.plist */ = {isa = PBXFileReference; lastKnownFileType = text.plist.xml; path = Info.plist; sourceTree = "<group>"; };
		347887AD1DDD4AEE00688E33 /* BookListUITests.xctest */ = {isa = PBXFileReference; explicitFileType = wrapper.cfbundle; includeInIndex = 0; path = BookListUITests.xctest; sourceTree = BUILT_PRODUCTS_DIR; };
		347887B11DDD4AEE00688E33 /* BookListUITests.swift */ = {isa = PBXFileReference; lastKnownFileType = sourcecode.swift; path = BookListUITests.swift; sourceTree = "<group>"; };
		347887B31DDD4AEE00688E33 /* Info.plist */ = {isa = PBXFileReference; lastKnownFileType = text.plist.xml; path = Info.plist; sourceTree = "<group>"; };
		347887C11DDD4C4E00688E33 /* GoodReadsData.swift */ = {isa = PBXFileReference; fileEncoding = 4; lastKnownFileType = sourcecode.swift; path = GoodReadsData.swift; sourceTree = "<group>"; };
		347F078F1DF3A78E004A1FB2 /* BookList 5.xcdatamodel */ = {isa = PBXFileReference; lastKnownFileType = wrapper.xcdatamodel; path = "BookList 5.xcdatamodel"; sourceTree = "<group>"; };
		349176931DDE987D00FD28B9 /* notificationDeclarations.swift */ = {isa = PBXFileReference; fileEncoding = 4; lastKnownFileType = sourcecode.swift; path = notificationDeclarations.swift; sourceTree = "<group>"; };
		34D064D81DE514EA003910E6 /* bookListSectionHeader.xib */ = {isa = PBXFileReference; fileEncoding = 4; lastKnownFileType = file.xib; path = bookListSectionHeader.xib; sourceTree = "<group>"; };
		3DB417129B5994731FE75334 /* Pods_BookList.framework */ = {isa = PBXFileReference; explicitFileType = wrapper.framework; includeInIndex = 0; path = Pods_BookList.framework; sourceTree = BUILT_PRODUCTS_DIR; };
		B9B47846844EC46DA319734C /* Pods-BookList.debug.xcconfig */ = {isa = PBXFileReference; includeInIndex = 1; lastKnownFileType = text.xcconfig; name = "Pods-BookList.debug.xcconfig"; path = "Pods/Target Support Files/Pods-BookList/Pods-BookList.debug.xcconfig"; sourceTree = "<group>"; };
		C1FE45967D772E1F4C1B6388 /* Pods-BookList.release.xcconfig */ = {isa = PBXFileReference; includeInIndex = 1; lastKnownFileType = text.xcconfig; name = "Pods-BookList.release.xcconfig"; path = "Pods/Target Support Files/Pods-BookList/Pods-BookList.release.xcconfig"; sourceTree = "<group>"; };
/* End PBXFileReference section */

/* Begin PBXFrameworksBuildPhase section */
		347887881DDD4AEE00688E33 /* Frameworks */ = {
			isa = PBXFrameworksBuildPhase;
			buildActionMask = 2147483647;
			files = (
				344DBE4B1DEE4BA600D73631 /* SwiftyJSON.framework in Frameworks */,
				09984A879BF9F5DFB9635397 /* Pods_BookList.framework in Frameworks */,
			);
			runOnlyForDeploymentPostprocessing = 0;
		};
		3478879F1DDD4AEE00688E33 /* Frameworks */ = {
			isa = PBXFrameworksBuildPhase;
			buildActionMask = 2147483647;
			files = (
			);
			runOnlyForDeploymentPostprocessing = 0;
		};
		347887AA1DDD4AEE00688E33 /* Frameworks */ = {
			isa = PBXFrameworksBuildPhase;
			buildActionMask = 2147483647;
			files = (
			);
			runOnlyForDeploymentPostprocessing = 0;
		};
/* End PBXFrameworksBuildPhase section */

/* Begin PBXGroup section */
		347887821DDD4AEE00688E33 = {
			isa = PBXGroup;
			children = (
				3478878D1DDD4AEE00688E33 /* BookList */,
				347887A51DDD4AEE00688E33 /* BookListTests */,
				347887B01DDD4AEE00688E33 /* BookListUITests */,
				3478878C1DDD4AEE00688E33 /* Products */,
				4BEF8D58214763B19CF26E12 /* Pods */,
				4549CBD76AEFCB7EC6CFACB3 /* Frameworks */,
			);
			sourceTree = "<group>";
		};
		3478878C1DDD4AEE00688E33 /* Products */ = {
			isa = PBXGroup;
			children = (
				3478878B1DDD4AEE00688E33 /* BookList.app */,
				347887A21DDD4AEE00688E33 /* BookListTests.xctest */,
				347887AD1DDD4AEE00688E33 /* BookListUITests.xctest */,
			);
			name = Products;
			sourceTree = "<group>";
		};
		3478878D1DDD4AEE00688E33 /* BookList */ = {
			isa = PBXGroup;
			children = (
				34353A4E1DED257D006BE5D6 /* GoogleService-Info.plist */,
				3478878E1DDD4AEE00688E33 /* AppDelegate.swift */,
				347887981DDD4AEE00688E33 /* Assets.xcassets */,
				3478879A1DDD4AEE00688E33 /* LaunchScreen.storyboard */,
				348DC3B91DE26E3C002E4AF4 /* Database */,
				347887BF1DDD4C1100688E33 /* Classes */,
				347887C01DDD4C1C00688E33 /* UI */,
				3478879D1DDD4AEE00688E33 /* Info.plist */,
			);
			path = BookList;
			sourceTree = "<group>";
		};
		347887A51DDD4AEE00688E33 /* BookListTests */ = {
			isa = PBXGroup;
			children = (
				347887A61DDD4AEE00688E33 /* BookListTests.swift */,
				347887A81DDD4AEE00688E33 /* Info.plist */,
			);
			path = BookListTests;
			sourceTree = "<group>";
		};
		347887B01DDD4AEE00688E33 /* BookListUITests */ = {
			isa = PBXGroup;
			children = (
				347887B11DDD4AEE00688E33 /* BookListUITests.swift */,
				347887B31DDD4AEE00688E33 /* Info.plist */,
			);
			path = BookListUITests;
			sourceTree = "<group>";
		};
		347887BF1DDD4C1100688E33 /* Classes */ = {
			isa = PBXGroup;
			children = (
				340776921DE131060091F931 /* authors.swift */,
				340776811DE128720091F931 /* books.swift */,
				347887C11DDD4C4E00688E33 /* GoodReadsData.swift */,
				34353A521DED3205006BE5D6 /* googleBooks.swift */,
				349176931DDE987D00FD28B9 /* notificationDeclarations.swift */,
				340776961DE13E7D0091F931 /* shelves.swift */,
				340776A21DE1659B0091F931 /* globalItems.swift */,
				34353A501DED2647006BE5D6 /* BookList-Bridging-Header.h */,
			);
			name = Classes;
			sourceTree = "<group>";
		};
		347887C01DDD4C1C00688E33 /* UI */ = {
			isa = PBXGroup;
			children = (
				347887921DDD4AEE00688E33 /* Main.storyboard */,
				34D064D81DE514EA003910E6 /* bookListSectionHeader.xib */,
				347887901DDD4AEE00688E33 /* ViewController.swift */,
				3407769A1DE14F8C0091F931 /* iPadViewController.swift */,
				3407769E1DE14F9D0091F931 /* iPhoneViewController.swift */,
				340F99A51DE67E1000B12BC8 /* bookDetailsViewController.swift */,
				344DBE521DEFDD6900D73631 /* booksForAuthorViewController.swift */,
				340EC8A41DF123DB00AF81C5 /* StringPickerViewController.swift */,
			);
			name = UI;
			sourceTree = "<group>";
		};
		348DC3B91DE26E3C002E4AF4 /* Database */ = {
			isa = PBXGroup;
			children = (
				347887951DDD4AEE00688E33 /* BookList.xcdatamodeld */,
				346A498D1DE286470091C9A3 /* coreDatabase.swift */,
			);
			name = Database;
			sourceTree = "<group>";
		};
		4549CBD76AEFCB7EC6CFACB3 /* Frameworks */ = {
			isa = PBXGroup;
			children = (
				344DBE4A1DEE4BA600D73631 /* SwiftyJSON.framework */,
				3DB417129B5994731FE75334 /* Pods_BookList.framework */,
			);
			name = Frameworks;
			sourceTree = "<group>";
		};
		4BEF8D58214763B19CF26E12 /* Pods */ = {
			isa = PBXGroup;
			children = (
				B9B47846844EC46DA319734C /* Pods-BookList.debug.xcconfig */,
				C1FE45967D772E1F4C1B6388 /* Pods-BookList.release.xcconfig */,
			);
			name = Pods;
			sourceTree = "<group>";
		};
/* End PBXGroup section */

/* Begin PBXNativeTarget section */
		3478878A1DDD4AEE00688E33 /* BookList */ = {
			isa = PBXNativeTarget;
			buildConfigurationList = 347887B61DDD4AEE00688E33 /* Build configuration list for PBXNativeTarget "BookList" */;
			buildPhases = (
				CE2921FD77F82EE52A2F7BF8 /* [CP] Check Pods Manifest.lock */,
				347887871DDD4AEE00688E33 /* Sources */,
				347887881DDD4AEE00688E33 /* Frameworks */,
				347887891DDD4AEE00688E33 /* Resources */,
				347888021DDD61E700688E33 /* Embed Frameworks */,
				EF3E8480D0CD88D4765C4FB4 /* [CP] Embed Pods Frameworks */,
				EAADF90EE7C42A1B90375545 /* [CP] Copy Pods Resources */,
			);
			buildRules = (
			);
			dependencies = (
			);
			name = BookList;
			productName = BookList;
			productReference = 3478878B1DDD4AEE00688E33 /* BookList.app */;
			productType = "com.apple.product-type.application";
		};
		347887A11DDD4AEE00688E33 /* BookListTests */ = {
			isa = PBXNativeTarget;
			buildConfigurationList = 347887B91DDD4AEE00688E33 /* Build configuration list for PBXNativeTarget "BookListTests" */;
			buildPhases = (
				3478879E1DDD4AEE00688E33 /* Sources */,
				3478879F1DDD4AEE00688E33 /* Frameworks */,
				347887A01DDD4AEE00688E33 /* Resources */,
			);
			buildRules = (
			);
			dependencies = (
				347887A41DDD4AEE00688E33 /* PBXTargetDependency */,
			);
			name = BookListTests;
			productName = BookListTests;
			productReference = 347887A21DDD4AEE00688E33 /* BookListTests.xctest */;
			productType = "com.apple.product-type.bundle.unit-test";
		};
		347887AC1DDD4AEE00688E33 /* BookListUITests */ = {
			isa = PBXNativeTarget;
			buildConfigurationList = 347887BC1DDD4AEE00688E33 /* Build configuration list for PBXNativeTarget "BookListUITests" */;
			buildPhases = (
				347887A91DDD4AEE00688E33 /* Sources */,
				347887AA1DDD4AEE00688E33 /* Frameworks */,
				347887AB1DDD4AEE00688E33 /* Resources */,
			);
			buildRules = (
			);
			dependencies = (
				347887AF1DDD4AEE00688E33 /* PBXTargetDependency */,
			);
			name = BookListUITests;
			productName = BookListUITests;
			productReference = 347887AD1DDD4AEE00688E33 /* BookListUITests.xctest */;
			productType = "com.apple.product-type.bundle.ui-testing";
		};
/* End PBXNativeTarget section */

/* Begin PBXProject section */
		347887831DDD4AEE00688E33 /* Project object */ = {
			isa = PBXProject;
			attributes = {
				LastSwiftUpdateCheck = 0820;
				LastUpgradeCheck = 0820;
				ORGANIZATIONNAME = "Garry Eves";
				TargetAttributes = {
					3478878A1DDD4AEE00688E33 = {
						CreatedOnToolsVersion = 8.2;
						DevelopmentTeam = 76YDDNPU7W;
						ProvisioningStyle = Automatic;
					};
					347887A11DDD4AEE00688E33 = {
						CreatedOnToolsVersion = 8.2;
						DevelopmentTeam = 76YDDNPU7W;
						ProvisioningStyle = Automatic;
						TestTargetID = 3478878A1DDD4AEE00688E33;
					};
					347887AC1DDD4AEE00688E33 = {
						CreatedOnToolsVersion = 8.2;
						DevelopmentTeam = 76YDDNPU7W;
						ProvisioningStyle = Automatic;
						TestTargetID = 3478878A1DDD4AEE00688E33;
					};
				};
			};
			buildConfigurationList = 347887861DDD4AEE00688E33 /* Build configuration list for PBXProject "BookList" */;
			compatibilityVersion = "Xcode 3.2";
			developmentRegion = English;
			hasScannedForEncodings = 0;
			knownRegions = (
				en,
				Base,
			);
			mainGroup = 347887821DDD4AEE00688E33;
			productRefGroup = 3478878C1DDD4AEE00688E33 /* Products */;
			projectDirPath = "";
			projectRoot = "";
			targets = (
				3478878A1DDD4AEE00688E33 /* BookList */,
				347887A11DDD4AEE00688E33 /* BookListTests */,
				347887AC1DDD4AEE00688E33 /* BookListUITests */,
			);
		};
/* End PBXProject section */

/* Begin PBXResourcesBuildPhase section */
		347887891DDD4AEE00688E33 /* Resources */ = {
			isa = PBXResourcesBuildPhase;
			buildActionMask = 2147483647;
			files = (
				3478879C1DDD4AEE00688E33 /* LaunchScreen.storyboard in Resources */,
				347887991DDD4AEE00688E33 /* Assets.xcassets in Resources */,
				34353A4F1DED257D006BE5D6 /* GoogleService-Info.plist in Resources */,
				347887941DDD4AEE00688E33 /* Main.storyboard in Resources */,
				34D064D91DE514EA003910E6 /* bookListSectionHeader.xib in Resources */,
			);
			runOnlyForDeploymentPostprocessing = 0;
		};
		347887A01DDD4AEE00688E33 /* Resources */ = {
			isa = PBXResourcesBuildPhase;
			buildActionMask = 2147483647;
			files = (
				34D064DA1DE514EA003910E6 /* bookListSectionHeader.xib in Resources */,
				344DBE481DEE464100D73631 /* Main.storyboard in Resources */,
				344DBE461DEE462F00D73631 /* LaunchScreen.storyboard in Resources */,
				344DBE441DEE462B00D73631 /* Assets.xcassets in Resources */,
				344DBE401DEE462300D73631 /* GoogleService-Info.plist in Resources */,
			);
			runOnlyForDeploymentPostprocessing = 0;
		};
		347887AB1DDD4AEE00688E33 /* Resources */ = {
			isa = PBXResourcesBuildPhase;
			buildActionMask = 2147483647;
			files = (
				34D064DB1DE514EA003910E6 /* bookListSectionHeader.xib in Resources */,
				344DBE491DEE464100D73631 /* Main.storyboard in Resources */,
				344DBE471DEE463000D73631 /* LaunchScreen.storyboard in Resources */,
				344DBE451DEE462B00D73631 /* Assets.xcassets in Resources */,
				344DBE411DEE462400D73631 /* GoogleService-Info.plist in Resources */,
			);
			runOnlyForDeploymentPostprocessing = 0;
		};
/* End PBXResourcesBuildPhase section */

/* Begin PBXShellScriptBuildPhase section */
		CE2921FD77F82EE52A2F7BF8 /* [CP] Check Pods Manifest.lock */ = {
			isa = PBXShellScriptBuildPhase;
			buildActionMask = 2147483647;
			files = (
			);
			inputPaths = (
			);
			name = "[CP] Check Pods Manifest.lock";
			outputPaths = (
			);
			runOnlyForDeploymentPostprocessing = 0;
			shellPath = /bin/sh;
			shellScript = "diff \"${PODS_ROOT}/../Podfile.lock\" \"${PODS_ROOT}/Manifest.lock\" > /dev/null\nif [ $? != 0 ] ; then\n    # print error to STDERR\n    echo \"error: The sandbox is not in sync with the Podfile.lock. Run 'pod install' or update your CocoaPods installation.\" >&2\n    exit 1\nfi\n";
			showEnvVarsInLog = 0;
		};
		EAADF90EE7C42A1B90375545 /* [CP] Copy Pods Resources */ = {
			isa = PBXShellScriptBuildPhase;
			buildActionMask = 2147483647;
			files = (
			);
			inputPaths = (
			);
			name = "[CP] Copy Pods Resources";
			outputPaths = (
			);
			runOnlyForDeploymentPostprocessing = 0;
			shellPath = /bin/sh;
			shellScript = "\"${SRCROOT}/Pods/Target Support Files/Pods-BookList/Pods-BookList-resources.sh\"\n";
			showEnvVarsInLog = 0;
		};
		EF3E8480D0CD88D4765C4FB4 /* [CP] Embed Pods Frameworks */ = {
			isa = PBXShellScriptBuildPhase;
			buildActionMask = 2147483647;
			files = (
			);
			inputPaths = (
			);
			name = "[CP] Embed Pods Frameworks";
			outputPaths = (
			);
			runOnlyForDeploymentPostprocessing = 0;
			shellPath = /bin/sh;
			shellScript = "\"${SRCROOT}/Pods/Target Support Files/Pods-BookList/Pods-BookList-frameworks.sh\"\n";
			showEnvVarsInLog = 0;
		};
/* End PBXShellScriptBuildPhase section */

/* Begin PBXSourcesBuildPhase section */
		347887871DDD4AEE00688E33 /* Sources */ = {
			isa = PBXSourcesBuildPhase;
			buildActionMask = 2147483647;
			files = (
				347887C21DDD4C4E00688E33 /* GoodReadsData.swift in Sources */,
				347887911DDD4AEE00688E33 /* ViewController.swift in Sources */,
				340776971DE13E7D0091F931 /* shelves.swift in Sources */,
				34353A531DED3205006BE5D6 /* googleBooks.swift in Sources */,
				340776931DE131060091F931 /* authors.swift in Sources */,
				349176941DDE987D00FD28B9 /* notificationDeclarations.swift in Sources */,
				3478878F1DDD4AEE00688E33 /* AppDelegate.swift in Sources */,
				340776821DE128720091F931 /* books.swift in Sources */,
				3407769F1DE14F9D0091F931 /* iPhoneViewController.swift in Sources */,
				340776A31DE1659B0091F931 /* globalItems.swift in Sources */,
				3407769B1DE14F8C0091F931 /* iPadViewController.swift in Sources */,
				344DBE531DEFDD6900D73631 /* booksForAuthorViewController.swift in Sources */,
				347887971DDD4AEE00688E33 /* BookList.xcdatamodeld in Sources */,
				340F99A61DE67E1000B12BC8 /* bookDetailsViewController.swift in Sources */,
				340EC8A51DF123DB00AF81C5 /* StringPickerViewController.swift in Sources */,
				346A498E1DE286470091C9A3 /* coreDatabase.swift in Sources */,
			);
			runOnlyForDeploymentPostprocessing = 0;
		};
		3478879E1DDD4AEE00688E33 /* Sources */ = {
			isa = PBXSourcesBuildPhase;
			buildActionMask = 2147483647;
			files = (
				344DBE201DEE417000D73631 /* GoodReadsData.swift in Sources */,
				347887A71DDD4AEE00688E33 /* BookListTests.swift in Sources */,
				344DBE1E1DEE416C00D73631 /* books.swift in Sources */,
				344DBE421DEE462700D73631 /* AppDelegate.swift in Sources */,
				344DBE541DEFDD6900D73631 /* booksForAuthorViewController.swift in Sources */,
				347D7AC31DE2782300856A6C /* BookList.xcdatamodeld in Sources */,
				344DBE1C1DEE416900D73631 /* authors.swift in Sources */,
				34353A541DED3205006BE5D6 /* googleBooks.swift in Sources */,
				344DBE281DEE41AE00D73631 /* ViewController.swift in Sources */,
				344DBE241DEE417900D73631 /* shelves.swift in Sources */,
				344DBE2A1DEE41B200D73631 /* iPadViewController.swift in Sources */,
				344DBE221DEE417500D73631 /* notificationDeclarations.swift in Sources */,
				344DBE261DEE417C00D73631 /* globalItems.swift in Sources */,
				344DBE2C1DEE41B500D73631 /* iPhoneViewController.swift in Sources */,
				340F99A71DE67E1000B12BC8 /* bookDetailsViewController.swift in Sources */,
				346A498F1DE286470091C9A3 /* coreDatabase.swift in Sources */,
				340EC8A61DF123DB00AF81C5 /* StringPickerViewController.swift in Sources */,
			);
			runOnlyForDeploymentPostprocessing = 0;
		};
		347887A91DDD4AEE00688E33 /* Sources */ = {
			isa = PBXSourcesBuildPhase;
			buildActionMask = 2147483647;
			files = (
				344DBE211DEE417000D73631 /* GoodReadsData.swift in Sources */,
				347887B21DDD4AEE00688E33 /* BookListUITests.swift in Sources */,
				344DBE1F1DEE416D00D73631 /* books.swift in Sources */,
				344DBE431DEE462700D73631 /* AppDelegate.swift in Sources */,
				344DBE551DEFDD6900D73631 /* booksForAuthorViewController.swift in Sources */,
				346A49901DE286470091C9A3 /* coreDatabase.swift in Sources */,
				344DBE1D1DEE416A00D73631 /* authors.swift in Sources */,
				34353A551DED3205006BE5D6 /* googleBooks.swift in Sources */,
				344DBE291DEE41AF00D73631 /* ViewController.swift in Sources */,
				344DBE251DEE417A00D73631 /* shelves.swift in Sources */,
				344DBE2B1DEE41B200D73631 /* iPadViewController.swift in Sources */,
				344DBE231DEE417600D73631 /* notificationDeclarations.swift in Sources */,
				344DBE271DEE417D00D73631 /* globalItems.swift in Sources */,
				344DBE2D1DEE41B600D73631 /* iPhoneViewController.swift in Sources */,
				340F99A81DE67E1000B12BC8 /* bookDetailsViewController.swift in Sources */,
				346927071DE28730009E8F96 /* BookList.xcdatamodeld in Sources */,
				340EC8A71DF123DB00AF81C5 /* StringPickerViewController.swift in Sources */,
			);
			runOnlyForDeploymentPostprocessing = 0;
		};
/* End PBXSourcesBuildPhase section */

/* Begin PBXTargetDependency section */
		347887A41DDD4AEE00688E33 /* PBXTargetDependency */ = {
			isa = PBXTargetDependency;
			target = 3478878A1DDD4AEE00688E33 /* BookList */;
			targetProxy = 347887A31DDD4AEE00688E33 /* PBXContainerItemProxy */;
		};
		347887AF1DDD4AEE00688E33 /* PBXTargetDependency */ = {
			isa = PBXTargetDependency;
			target = 3478878A1DDD4AEE00688E33 /* BookList */;
			targetProxy = 347887AE1DDD4AEE00688E33 /* PBXContainerItemProxy */;
		};
/* End PBXTargetDependency section */

/* Begin PBXVariantGroup section */
		347887921DDD4AEE00688E33 /* Main.storyboard */ = {
			isa = PBXVariantGroup;
			children = (
				347887931DDD4AEE00688E33 /* Base */,
			);
			name = Main.storyboard;
			sourceTree = "<group>";
		};
		3478879A1DDD4AEE00688E33 /* LaunchScreen.storyboard */ = {
			isa = PBXVariantGroup;
			children = (
				3478879B1DDD4AEE00688E33 /* Base */,
			);
			name = LaunchScreen.storyboard;
			sourceTree = "<group>";
		};
/* End PBXVariantGroup section */

/* Begin XCBuildConfiguration section */
		347887B41DDD4AEE00688E33 /* Debug */ = {
			isa = XCBuildConfiguration;
			buildSettings = {
				ALWAYS_SEARCH_USER_PATHS = NO;
				CLANG_ANALYZER_NONNULL = YES;
				CLANG_CXX_LANGUAGE_STANDARD = "gnu++0x";
				CLANG_CXX_LIBRARY = "libc++";
				CLANG_ENABLE_MODULES = YES;
				CLANG_ENABLE_OBJC_ARC = YES;
				CLANG_WARN_BOOL_CONVERSION = YES;
				CLANG_WARN_CONSTANT_CONVERSION = YES;
				CLANG_WARN_DIRECT_OBJC_ISA_USAGE = YES_ERROR;
				CLANG_WARN_DOCUMENTATION_COMMENTS = YES;
				CLANG_WARN_EMPTY_BODY = YES;
				CLANG_WARN_ENUM_CONVERSION = YES;
				CLANG_WARN_INFINITE_RECURSION = YES;
				CLANG_WARN_INT_CONVERSION = YES;
				CLANG_WARN_OBJC_ROOT_CLASS = YES_ERROR;
				CLANG_WARN_SUSPICIOUS_MOVE = YES;
				CLANG_WARN_UNREACHABLE_CODE = YES;
				CLANG_WARN__DUPLICATE_METHOD_MATCH = YES;
				"CODE_SIGN_IDENTITY[sdk=iphoneos*]" = "iPhone Developer";
				COPY_PHASE_STRIP = NO;
				DEBUG_INFORMATION_FORMAT = dwarf;
				ENABLE_STRICT_OBJC_MSGSEND = YES;
				ENABLE_TESTABILITY = YES;
				GCC_C_LANGUAGE_STANDARD = gnu99;
				GCC_DYNAMIC_NO_PIC = NO;
				GCC_NO_COMMON_BLOCKS = YES;
				GCC_OPTIMIZATION_LEVEL = 0;
				GCC_PREPROCESSOR_DEFINITIONS = (
					"DEBUG=1",
					"$(inherited)",
				);
				GCC_WARN_64_TO_32_BIT_CONVERSION = YES;
				GCC_WARN_ABOUT_RETURN_TYPE = YES_ERROR;
				GCC_WARN_UNDECLARED_SELECTOR = YES;
				GCC_WARN_UNINITIALIZED_AUTOS = YES_AGGRESSIVE;
				GCC_WARN_UNUSED_FUNCTION = YES;
				GCC_WARN_UNUSED_VARIABLE = YES;
				IPHONEOS_DEPLOYMENT_TARGET = 10.0;
				MTL_ENABLE_DEBUG_INFO = YES;
				ONLY_ACTIVE_ARCH = YES;
				SDKROOT = iphoneos;
				SWIFT_ACTIVE_COMPILATION_CONDITIONS = DEBUG;
				SWIFT_OPTIMIZATION_LEVEL = "-Onone";
				TARGETED_DEVICE_FAMILY = "1,2";
			};
			name = Debug;
		};
		347887B51DDD4AEE00688E33 /* Release */ = {
			isa = XCBuildConfiguration;
			buildSettings = {
				ALWAYS_SEARCH_USER_PATHS = NO;
				CLANG_ANALYZER_NONNULL = YES;
				CLANG_CXX_LANGUAGE_STANDARD = "gnu++0x";
				CLANG_CXX_LIBRARY = "libc++";
				CLANG_ENABLE_MODULES = YES;
				CLANG_ENABLE_OBJC_ARC = YES;
				CLANG_WARN_BOOL_CONVERSION = YES;
				CLANG_WARN_CONSTANT_CONVERSION = YES;
				CLANG_WARN_DIRECT_OBJC_ISA_USAGE = YES_ERROR;
				CLANG_WARN_DOCUMENTATION_COMMENTS = YES;
				CLANG_WARN_EMPTY_BODY = YES;
				CLANG_WARN_ENUM_CONVERSION = YES;
				CLANG_WARN_INFINITE_RECURSION = YES;
				CLANG_WARN_INT_CONVERSION = YES;
				CLANG_WARN_OBJC_ROOT_CLASS = YES_ERROR;
				CLANG_WARN_SUSPICIOUS_MOVE = YES;
				CLANG_WARN_UNREACHABLE_CODE = YES;
				CLANG_WARN__DUPLICATE_METHOD_MATCH = YES;
				"CODE_SIGN_IDENTITY[sdk=iphoneos*]" = "iPhone Developer";
				COPY_PHASE_STRIP = NO;
				DEBUG_INFORMATION_FORMAT = "dwarf-with-dsym";
				ENABLE_NS_ASSERTIONS = NO;
				ENABLE_STRICT_OBJC_MSGSEND = YES;
				GCC_C_LANGUAGE_STANDARD = gnu99;
				GCC_NO_COMMON_BLOCKS = YES;
				GCC_WARN_64_TO_32_BIT_CONVERSION = YES;
				GCC_WARN_ABOUT_RETURN_TYPE = YES_ERROR;
				GCC_WARN_UNDECLARED_SELECTOR = YES;
				GCC_WARN_UNINITIALIZED_AUTOS = YES_AGGRESSIVE;
				GCC_WARN_UNUSED_FUNCTION = YES;
				GCC_WARN_UNUSED_VARIABLE = YES;
				IPHONEOS_DEPLOYMENT_TARGET = 10.0;
				MTL_ENABLE_DEBUG_INFO = NO;
				SDKROOT = iphoneos;
				SWIFT_OPTIMIZATION_LEVEL = "-Owholemodule";
				TARGETED_DEVICE_FAMILY = "1,2";
				VALIDATE_PRODUCT = YES;
			};
			name = Release;
		};
		347887B71DDD4AEE00688E33 /* Debug */ = {
			isa = XCBuildConfiguration;
			baseConfigurationReference = B9B47846844EC46DA319734C /* Pods-BookList.debug.xcconfig */;
			buildSettings = {
				ALWAYS_EMBED_SWIFT_STANDARD_LIBRARIES = YES;
				ASSETCATALOG_COMPILER_APPICON_NAME = AppIcon;
				DEVELOPMENT_TEAM = 76YDDNPU7W;
				INFOPLIST_FILE = BookList/Info.plist;
				LD_RUNPATH_SEARCH_PATHS = "$(inherited) @executable_path/Frameworks";
				PRODUCT_BUNDLE_IDENTIFIER = com.garryeves.BookList;
				PRODUCT_NAME = "$(TARGET_NAME)";
				SWIFT_OBJC_BRIDGING_HEADER = "BookList/BookList-Bridging-Header.h";
				SWIFT_VERSION = 3.0;
			};
			name = Debug;
		};
		347887B81DDD4AEE00688E33 /* Release */ = {
			isa = XCBuildConfiguration;
			baseConfigurationReference = C1FE45967D772E1F4C1B6388 /* Pods-BookList.release.xcconfig */;
			buildSettings = {
				ALWAYS_EMBED_SWIFT_STANDARD_LIBRARIES = YES;
				ASSETCATALOG_COMPILER_APPICON_NAME = AppIcon;
				DEVELOPMENT_TEAM = 76YDDNPU7W;
				INFOPLIST_FILE = BookList/Info.plist;
				LD_RUNPATH_SEARCH_PATHS = "$(inherited) @executable_path/Frameworks";
				PRODUCT_BUNDLE_IDENTIFIER = com.garryeves.BookList;
				PRODUCT_NAME = "$(TARGET_NAME)";
				SWIFT_OBJC_BRIDGING_HEADER = "BookList/BookList-Bridging-Header.h";
				SWIFT_VERSION = 3.0;
			};
			name = Release;
		};
		347887BA1DDD4AEE00688E33 /* Debug */ = {
			isa = XCBuildConfiguration;
			buildSettings = {
				ALWAYS_EMBED_SWIFT_STANDARD_LIBRARIES = YES;
				BUNDLE_LOADER = "$(TEST_HOST)";
				DEVELOPMENT_TEAM = 76YDDNPU7W;
				INFOPLIST_FILE = BookListTests/Info.plist;
				LD_RUNPATH_SEARCH_PATHS = "$(inherited) @executable_path/Frameworks @loader_path/Frameworks";
				PRODUCT_BUNDLE_IDENTIFIER = com.garryeves.BookListTests;
				PRODUCT_NAME = "$(TARGET_NAME)";
				SWIFT_VERSION = 3.0;
				TEST_HOST = "$(BUILT_PRODUCTS_DIR)/BookList.app/BookList";
			};
			name = Debug;
		};
		347887BB1DDD4AEE00688E33 /* Release */ = {
			isa = XCBuildConfiguration;
			buildSettings = {
				ALWAYS_EMBED_SWIFT_STANDARD_LIBRARIES = YES;
				BUNDLE_LOADER = "$(TEST_HOST)";
				DEVELOPMENT_TEAM = 76YDDNPU7W;
				INFOPLIST_FILE = BookListTests/Info.plist;
				LD_RUNPATH_SEARCH_PATHS = "$(inherited) @executable_path/Frameworks @loader_path/Frameworks";
				PRODUCT_BUNDLE_IDENTIFIER = com.garryeves.BookListTests;
				PRODUCT_NAME = "$(TARGET_NAME)";
				SWIFT_VERSION = 3.0;
				TEST_HOST = "$(BUILT_PRODUCTS_DIR)/BookList.app/BookList";
			};
			name = Release;
		};
		347887BD1DDD4AEE00688E33 /* Debug */ = {
			isa = XCBuildConfiguration;
			buildSettings = {
				ALWAYS_EMBED_SWIFT_STANDARD_LIBRARIES = YES;
				DEVELOPMENT_TEAM = 76YDDNPU7W;
				INFOPLIST_FILE = BookListUITests/Info.plist;
				LD_RUNPATH_SEARCH_PATHS = "$(inherited) @executable_path/Frameworks @loader_path/Frameworks";
				PRODUCT_BUNDLE_IDENTIFIER = com.garryeves.BookListUITests;
				PRODUCT_NAME = "$(TARGET_NAME)";
				SWIFT_VERSION = 3.0;
				TEST_TARGET_NAME = BookList;
			};
			name = Debug;
		};
		347887BE1DDD4AEE00688E33 /* Release */ = {
			isa = XCBuildConfiguration;
			buildSettings = {
				ALWAYS_EMBED_SWIFT_STANDARD_LIBRARIES = YES;
				DEVELOPMENT_TEAM = 76YDDNPU7W;
				INFOPLIST_FILE = BookListUITests/Info.plist;
				LD_RUNPATH_SEARCH_PATHS = "$(inherited) @executable_path/Frameworks @loader_path/Frameworks";
				PRODUCT_BUNDLE_IDENTIFIER = com.garryeves.BookListUITests;
				PRODUCT_NAME = "$(TARGET_NAME)";
				SWIFT_VERSION = 3.0;
				TEST_TARGET_NAME = BookList;
			};
			name = Release;
		};
/* End XCBuildConfiguration section */

/* Begin XCConfigurationList section */
		347887861DDD4AEE00688E33 /* Build configuration list for PBXProject "BookList" */ = {
			isa = XCConfigurationList;
			buildConfigurations = (
				347887B41DDD4AEE00688E33 /* Debug */,
				347887B51DDD4AEE00688E33 /* Release */,
			);
			defaultConfigurationIsVisible = 0;
			defaultConfigurationName = Release;
		};
		347887B61DDD4AEE00688E33 /* Build configuration list for PBXNativeTarget "BookList" */ = {
			isa = XCConfigurationList;
			buildConfigurations = (
				347887B71DDD4AEE00688E33 /* Debug */,
				347887B81DDD4AEE00688E33 /* Release */,
			);
			defaultConfigurationIsVisible = 0;
			defaultConfigurationName = Release;
		};
		347887B91DDD4AEE00688E33 /* Build configuration list for PBXNativeTarget "BookListTests" */ = {
			isa = XCConfigurationList;
			buildConfigurations = (
				347887BA1DDD4AEE00688E33 /* Debug */,
				347887BB1DDD4AEE00688E33 /* Release */,
			);
			defaultConfigurationIsVisible = 0;
			defaultConfigurationName = Release;
		};
		347887BC1DDD4AEE00688E33 /* Build configuration list for PBXNativeTarget "BookListUITests" */ = {
			isa = XCConfigurationList;
			buildConfigurations = (
				347887BD1DDD4AEE00688E33 /* Debug */,
				347887BE1DDD4AEE00688E33 /* Release */,
			);
			defaultConfigurationIsVisible = 0;
			defaultConfigurationName = Release;
		};
/* End XCConfigurationList section */

/* Begin XCVersionGroup section */
		347887951DDD4AEE00688E33 /* BookList.xcdatamodeld */ = {
			isa = XCVersionGroup;
			children = (
				347F078F1DF3A78E004A1FB2 /* BookList 5.xcdatamodel */,
				344DBE4D1DEE7D7300D73631 /* BookList 4.xcdatamodel */,
				344DBE4C1DEE535900D73631 /* BookList 3.xcdatamodel */,
				3469273D1DE2AEC6009E8F96 /* BookList 2.xcdatamodel */,
				347887961DDD4AEE00688E33 /* BookList.xcdatamodel */,
			);
			currentVersion = 347F078F1DF3A78E004A1FB2 /* BookList 5.xcdatamodel */;
			path = BookList.xcdatamodeld;
			sourceTree = "<group>";
			versionGroupType = wrapper.xcdatamodel;
		};
/* End XCVersionGroup section */
	};
	rootObject = 347887831DDD4AEE00688E33 /* Project object */;
}
